// !$*UTF8*$!
{
	archiveVersion = 1;
	classes = {
	};
	objectVersion = 46;
	objects = {

/* Begin PBXBuildFile section */
		BF7AE1D71EB81DFF0003B430 /* TestViewController.m in Sources */ = {isa = PBXBuildFile; fileRef = BF7AE1D61EB81DFF0003B430 /* TestViewController.m */; };
		BF7AE1F01EB9577C0003B430 /* TestSupplementaryView.m in Sources */ = {isa = PBXBuildFile; fileRef = BF7AE1EF1EB9577C0003B430 /* TestSupplementaryView.m */; };
		BFD07E491E8C7DBC004AFEC1 /* main.m in Sources */ = {isa = PBXBuildFile; fileRef = BFD07E481E8C7DBC004AFEC1 /* main.m */; };
		BFD07E4C1E8C7DBC004AFEC1 /* AppDelegate.m in Sources */ = {isa = PBXBuildFile; fileRef = BFD07E4B1E8C7DBC004AFEC1 /* AppDelegate.m */; };
		BFD07E541E8C7DBC004AFEC1 /* Assets.xcassets in Resources */ = {isa = PBXBuildFile; fileRef = BFD07E531E8C7DBC004AFEC1 /* Assets.xcassets */; };
		BFD07E571E8C7DBC004AFEC1 /* LaunchScreen.storyboard in Resources */ = {isa = PBXBuildFile; fileRef = BFD07E551E8C7DBC004AFEC1 /* LaunchScreen.storyboard */; };
		BFD394A51EB95D100050F3C6 /* TestReusableFooterView.m in Sources */ = {isa = PBXBuildFile; fileRef = BFD394A41EB95D100050F3C6 /* TestReusableFooterView.m */; };
		BFD394A81EB960B50050F3C6 /* TestDecorationReusableView.m in Sources */ = {isa = PBXBuildFile; fileRef = BFD394A71EB960B50050F3C6 /* TestDecorationReusableView.m */; };
		BFD394D61EB973A70050F3C6 /* TestNewDecorationView.m in Sources */ = {isa = PBXBuildFile; fileRef = BFD394D51EB973A70050F3C6 /* TestNewDecorationView.m */; };
		BFEDE0341EB2205B00DA0A23 /* MyFlowLayout.m in Sources */ = {isa = PBXBuildFile; fileRef = BFEDE0331EB2205B00DA0A23 /* MyFlowLayout.m */; };
/* End PBXBuildFile section */

/* Begin PBXFileReference section */
		BF7AE1D51EB81DFF0003B430 /* TestViewController.h */ = {isa = PBXFileReference; fileEncoding = 4; lastKnownFileType = sourcecode.c.h; path = TestViewController.h; sourceTree = "<group>"; };
		BF7AE1D61EB81DFF0003B430 /* TestViewController.m */ = {isa = PBXFileReference; fileEncoding = 4; lastKnownFileType = sourcecode.c.objc; path = TestViewController.m; sourceTree = "<group>"; };
		BF7AE1EE1EB9577C0003B430 /* TestSupplementaryView.h */ = {isa = PBXFileReference; fileEncoding = 4; lastKnownFileType = sourcecode.c.h; path = TestSupplementaryView.h; sourceTree = "<group>"; };
		BF7AE1EF1EB9577C0003B430 /* TestSupplementaryView.m */ = {isa = PBXFileReference; fileEncoding = 4; lastKnownFileType = sourcecode.c.objc; path = TestSupplementaryView.m; sourceTree = "<group>"; };
		BFD07E441E8C7DBC004AFEC1 /* CollecitionView_A.app */ = {isa = PBXFileReference; explicitFileType = wrapper.application; includeInIndex = 0; path = CollecitionView_A.app; sourceTree = BUILT_PRODUCTS_DIR; };
		BFD07E481E8C7DBC004AFEC1 /* main.m */ = {isa = PBXFileReference; lastKnownFileType = sourcecode.c.objc; path = main.m; sourceTree = "<group>"; };
		BFD07E4A1E8C7DBC004AFEC1 /* AppDelegate.h */ = {isa = PBXFileReference; lastKnownFileType = sourcecode.c.h; path = AppDelegate.h; sourceTree = "<group>"; };
		BFD07E4B1E8C7DBC004AFEC1 /* AppDelegate.m */ = {isa = PBXFileReference; lastKnownFileType = sourcecode.c.objc; path = AppDelegate.m; sourceTree = "<group>"; };
		BFD07E531E8C7DBC004AFEC1 /* Assets.xcassets */ = {isa = PBXFileReference; lastKnownFileType = folder.assetcatalog; path = Assets.xcassets; sourceTree = "<group>"; };
		BFD07E561E8C7DBC004AFEC1 /* Base */ = {isa = PBXFileReference; lastKnownFileType = file.storyboard; name = Base; path = Base.lproj/LaunchScreen.storyboard; sourceTree = "<group>"; };
		BFD07E581E8C7DBC004AFEC1 /* Info.plist */ = {isa = PBXFileReference; lastKnownFileType = text.plist.xml; path = Info.plist; sourceTree = "<group>"; };
		BFD394A31EB95D100050F3C6 /* TestReusableFooterView.h */ = {isa = PBXFileReference; fileEncoding = 4; lastKnownFileType = sourcecode.c.h; path = TestReusableFooterView.h; sourceTree = "<group>"; };
		BFD394A41EB95D100050F3C6 /* TestReusableFooterView.m */ = {isa = PBXFileReference; fileEncoding = 4; lastKnownFileType = sourcecode.c.objc; path = TestReusableFooterView.m; sourceTree = "<group>"; };
		BFD394A61EB960B50050F3C6 /* TestDecorationReusableView.h */ = {isa = PBXFileReference; fileEncoding = 4; lastKnownFileType = sourcecode.c.h; path = TestDecorationReusableView.h; sourceTree = "<group>"; };
		BFD394A71EB960B50050F3C6 /* TestDecorationReusableView.m */ = {isa = PBXFileReference; fileEncoding = 4; lastKnownFileType = sourcecode.c.objc; path = TestDecorationReusableView.m; sourceTree = "<group>"; };
		BFD394D41EB973A70050F3C6 /* TestNewDecorationView.h */ = {isa = PBXFileReference; fileEncoding = 4; lastKnownFileType = sourcecode.c.h; path = TestNewDecorationView.h; sourceTree = "<group>"; };
		BFD394D51EB973A70050F3C6 /* TestNewDecorationView.m */ = {isa = PBXFileReference; fileEncoding = 4; lastKnownFileType = sourcecode.c.objc; path = TestNewDecorationView.m; sourceTree = "<group>"; };
		BFEDE0321EB2205B00DA0A23 /* MyFlowLayout.h */ = {isa = PBXFileReference; fileEncoding = 4; lastKnownFileType = sourcecode.c.h; name = MyFlowLayout.h; path = MyCollection_A/MyFlowLayout.h; sourceTree = "<group>"; };
		BFEDE0331EB2205B00DA0A23 /* MyFlowLayout.m */ = {isa = PBXFileReference; fileEncoding = 4; lastKnownFileType = sourcecode.c.objc; name = MyFlowLayout.m; path = MyCollection_A/MyFlowLayout.m; sourceTree = "<group>"; };
/* End PBXFileReference section */

/* Begin PBXFrameworksBuildPhase section */
		BFD07E411E8C7DBC004AFEC1 /* Frameworks */ = {
			isa = PBXFrameworksBuildPhase;
			buildActionMask = 2147483647;
			files = (
			);
			runOnlyForDeploymentPostprocessing = 0;
		};
/* End PBXFrameworksBuildPhase section */

/* Begin PBXGroup section */
		BFD07E3B1E8C7DBC004AFEC1 = {
			isa = PBXGroup;
			children = (
				BFD394D41EB973A70050F3C6 /* TestNewDecorationView.h */,
				BFD394D51EB973A70050F3C6 /* TestNewDecorationView.m */,
				BFD394A61EB960B50050F3C6 /* TestDecorationReusableView.h */,
				BFD394A71EB960B50050F3C6 /* TestDecorationReusableView.m */,
				BFD07E461E8C7DBC004AFEC1 /* CollecitionView_A */,
				BFD07E451E8C7DBC004AFEC1 /* Products */,
			);
			sourceTree = "<group>";
		};
		BFD07E451E8C7DBC004AFEC1 /* Products */ = {
			isa = PBXGroup;
			children = (
				BFD07E441E8C7DBC004AFEC1 /* CollecitionView_A.app */,
			);
			name = Products;
			sourceTree = "<group>";
		};
		BFD07E461E8C7DBC004AFEC1 /* CollecitionView_A */ = {
			isa = PBXGroup;
			children = (
				BFD07E4A1E8C7DBC004AFEC1 /* AppDelegate.h */,
				BFD07E4B1E8C7DBC004AFEC1 /* AppDelegate.m */,
				BFD07E531E8C7DBC004AFEC1 /* Assets.xcassets */,
				BFD07E551E8C7DBC004AFEC1 /* LaunchScreen.storyboard */,
				BFD07E581E8C7DBC004AFEC1 /* Info.plist */,
				BFD07E471E8C7DBC004AFEC1 /* Supporting Files */,
				BFEDE0321EB2205B00DA0A23 /* MyFlowLayout.h */,
				BFEDE0331EB2205B00DA0A23 /* MyFlowLayout.m */,
				BF7AE1D51EB81DFF0003B430 /* TestViewController.h */,
				BF7AE1D61EB81DFF0003B430 /* TestViewController.m */,
				BF7AE1EE1EB9577C0003B430 /* TestSupplementaryView.h */,
				BF7AE1EF1EB9577C0003B430 /* TestSupplementaryView.m */,
				BFD394A31EB95D100050F3C6 /* TestReusableFooterView.h */,
				BFD394A41EB95D100050F3C6 /* TestReusableFooterView.m */,
			);
			path = CollecitionView_A;
			sourceTree = "<group>";
		};
		BFD07E471E8C7DBC004AFEC1 /* Supporting Files */ = {
			isa = PBXGroup;
			children = (
				BFD07E481E8C7DBC004AFEC1 /* main.m */,
			);
			name = "Supporting Files";
			sourceTree = "<group>";
		};
/* End PBXGroup section */

/* Begin PBXNativeTarget section */
		BFD07E431E8C7DBC004AFEC1 /* CollecitionView_A */ = {
			isa = PBXNativeTarget;
			buildConfigurationList = BFD07E5B1E8C7DBC004AFEC1 /* Build configuration list for PBXNativeTarget "CollecitionView_A" */;
			buildPhases = (
				BFD07E401E8C7DBC004AFEC1 /* Sources */,
				BFD07E411E8C7DBC004AFEC1 /* Frameworks */,
				BFD07E421E8C7DBC004AFEC1 /* Resources */,
			);
			buildRules = (
			);
			dependencies = (
			);
			name = CollecitionView_A;
			productName = CollecitionView_A;
			productReference = BFD07E441E8C7DBC004AFEC1 /* CollecitionView_A.app */;
			productType = "com.apple.product-type.application";
		};
/* End PBXNativeTarget section */

/* Begin PBXProject section */
		BFD07E3C1E8C7DBC004AFEC1 /* Project object */ = {
			isa = PBXProject;
			attributes = {
				LastUpgradeCheck = 0820;
				ORGANIZATIONNAME = yhd;
				TargetAttributes = {
					BFD07E431E8C7DBC004AFEC1 = {
						CreatedOnToolsVersion = 8.2.1;
						DevelopmentTeam = 3X7GXPZAD8;
						ProvisioningStyle = Automatic;
					};
				};
			};
			buildConfigurationList = BFD07E3F1E8C7DBC004AFEC1 /* Build configuration list for PBXProject "CollecitionView_A" */;
			compatibilityVersion = "Xcode 3.2";
			developmentRegion = English;
			hasScannedForEncodings = 0;
			knownRegions = (
				en,
				Base,
			);
			mainGroup = BFD07E3B1E8C7DBC004AFEC1;
			productRefGroup = BFD07E451E8C7DBC004AFEC1 /* Products */;
			projectDirPath = "";
			projectRoot = "";
			targets = (
				BFD07E431E8C7DBC004AFEC1 /* CollecitionView_A */,
			);
		};
/* End PBXProject section */

/* Begin PBXResourcesBuildPhase section */
		BFD07E421E8C7DBC004AFEC1 /* Resources */ = {
			isa = PBXResourcesBuildPhase;
			buildActionMask = 2147483647;
			files = (
				BFD07E571E8C7DBC004AFEC1 /* LaunchScreen.storyboard in Resources */,
				BFD07E541E8C7DBC004AFEC1 /* Assets.xcassets in Resources */,
			);
			runOnlyForDeploymentPostprocessing = 0;
		};
/* End PBXResourcesBuildPhase section */

/* Begin PBXSourcesBuildPhase section */
		BFD07E401E8C7DBC004AFEC1 /* Sources */ = {
			isa = PBXSourcesBuildPhase;
			buildActionMask = 2147483647;
			files = (
				BFEDE0341EB2205B00DA0A23 /* MyFlowLayout.m in Sources */,
				BFD394A81EB960B50050F3C6 /* TestDecorationReusableView.m in Sources */,
				BF7AE1F01EB9577C0003B430 /* TestSupplementaryView.m in Sources */,
				BFD07E4C1E8C7DBC004AFEC1 /* AppDelegate.m in Sources */,
				BFD07E491E8C7DBC004AFEC1 /* main.m in Sources */,
				BFD394A51EB95D100050F3C6 /* TestReusableFooterView.m in Sources */,
				BF7AE1D71EB81DFF0003B430 /* TestViewController.m in Sources */,
				BFD394D61EB973A70050F3C6 /* TestNewDecorationView.m in Sources */,
			);
			runOnlyForDeploymentPostprocessing = 0;
		};
/* End PBXSourcesBuildPhase section */

/* Begin PBXVariantGroup section */
		BFD07E551E8C7DBC004AFEC1 /* LaunchScreen.storyboard */ = {
			isa = PBXVariantGroup;
			children = (
				BFD07E561E8C7DBC004AFEC1 /* Base */,
			);
			name = LaunchScreen.storyboard;
			sourceTree = "<group>";
		};
/* End PBXVariantGroup section */

/* Begin XCBuildConfiguration section */
		BFD07E591E8C7DBC004AFEC1 /* Debug */ = {
			isa = XCBuildConfiguration;
			buildSettings = {
				ALWAYS_SEARCH_USER_PATHS = NO;
				CLANG_ANALYZER_NONNULL = YES;
				CLANG_CXX_LANGUAGE_STANDARD = "gnu++0x";
				CLANG_CXX_LIBRARY = "libc++";
				CLANG_ENABLE_MODULES = YES;
				CLANG_ENABLE_OBJC_ARC = YES;
				CLANG_WARN_BOOL_CONVERSION = YES;
				CLANG_WARN_CONSTANT_CONVERSION = YES;
				CLANG_WARN_DIRECT_OBJC_ISA_USAGE = YES_ERROR;
				CLANG_WARN_DOCUMENTATION_COMMENTS = YES;
				CLANG_WARN_EMPTY_BODY = YES;
				CLANG_WARN_ENUM_CONVERSION = YES;
				CLANG_WARN_INFINITE_RECURSION = YES;
				CLANG_WARN_INT_CONVERSION = YES;
				CLANG_WARN_OBJC_ROOT_CLASS = YES_ERROR;
				CLANG_WARN_SUSPICIOUS_MOVE = YES;
				CLANG_WARN_UNREACHABLE_CODE = YES;
				CLANG_WARN__DUPLICATE_METHOD_MATCH = YES;
				"CODE_SIGN_IDENTITY[sdk=iphoneos*]" = "iPhone Developer";
				COPY_PHASE_STRIP = NO;
				DEBUG_INFORMATION_FORMAT = dwarf;
				ENABLE_STRICT_OBJC_MSGSEND = YES;
				ENABLE_TESTABILITY = YES;
				GCC_C_LANGUAGE_STANDARD = gnu99;
				GCC_DYNAMIC_NO_PIC = NO;
				GCC_NO_COMMON_BLOCKS = YES;
				GCC_OPTIMIZATION_LEVEL = 0;
				GCC_PREPROCESSOR_DEFINITIONS = (
					"DEBUG=1",
					"$(inherited)",
				);
				GCC_WARN_64_TO_32_BIT_CONVERSION = YES;
				GCC_WARN_ABOUT_RETURN_TYPE = YES_ERROR;
				GCC_WARN_UNDECLARED_SELECTOR = YES;
				GCC_WARN_UNINITIALIZED_AUTOS = YES_AGGRESSIVE;
				GCC_WARN_UNUSED_FUNCTION = YES;
				GCC_WARN_UNUSED_VARIABLE = YES;
				IPHONEOS_DEPLOYMENT_TARGET = 10.2;
				MTL_ENABLE_DEBUG_INFO = YES;
				ONLY_ACTIVE_ARCH = YES;
				SDKROOT = iphoneos;
			};
			name = Debug;
		};
		BFD07E5A1E8C7DBC004AFEC1 /* Release */ = {
			isa = XCBuildConfiguration;
			buildSettings = {
				ALWAYS_SEARCH_USER_PATHS = NO;
				CLANG_ANALYZER_NONNULL = YES;
				CLANG_CXX_LANGUAGE_STANDARD = "gnu++0x";
				CLANG_CXX_LIBRARY = "libc++";
				CLANG_ENABLE_MODULES = YES;
				CLANG_ENABLE_OBJC_ARC = YES;
				CLANG_WARN_BOOL_CONVERSION = YES;
				CLANG_WARN_CONSTANT_CONVERSION = YES;
				CLANG_WARN_DIRECT_OBJC_ISA_USAGE = YES_ERROR;
				CLANG_WARN_DOCUMENTATION_COMMENTS = YES;
				CLANG_WARN_EMPTY_BODY = YES;
				CLANG_WARN_ENUM_CONVERSION = YES;
				CLANG_WARN_INFINITE_RECURSION = YES;
				CLANG_WARN_INT_CONVERSION = YES;
				CLANG_WARN_OBJC_ROOT_CLASS = YES_ERROR;
				CLANG_WARN_SUSPICIOUS_MOVE = YES;
				CLANG_WARN_UNREACHABLE_CODE = YES;
				CLANG_WARN__DUPLICATE_METHOD_MATCH = YES;
				"CODE_SIGN_IDENTITY[sdk=iphoneos*]" = "iPhone Developer";
				COPY_PHASE_STRIP = NO;
				DEBUG_INFORMATION_FORMAT = "dwarf-with-dsym";
				ENABLE_NS_ASSERTIONS = NO;
				ENABLE_STRICT_OBJC_MSGSEND = YES;
				GCC_C_LANGUAGE_STANDARD = gnu99;
				GCC_NO_COMMON_BLOCKS = YES;
				GCC_WARN_64_TO_32_BIT_CONVERSION = YES;
				GCC_WARN_ABOUT_RETURN_TYPE = YES_ERROR;
				GCC_WARN_UNDECLARED_SELECTOR = YES;
				GCC_WARN_UNINITIALIZED_AUTOS = YES_AGGRESSIVE;
				GCC_WARN_UNUSED_FUNCTION = YES;
				GCC_WARN_UNUSED_VARIABLE = YES;
				IPHONEOS_DEPLOYMENT_TARGET = 10.2;
				MTL_ENABLE_DEBUG_INFO = NO;
				SDKROOT = iphoneos;
				VALIDATE_PRODUCT = YES;
			};
			name = Release;
		};
		BFD07E5C1E8C7DBC004AFEC1 /* Debug */ = {
			isa = XCBuildConfiguration;
			buildSettings = {
				ASSETCATALOG_COMPILER_APPICON_NAME = AppIcon;
				DEVELOPMENT_TEAM = 3X7GXPZAD8;
				INFOPLIST_FILE = CollecitionView_A/Info.plist;
				LD_RUNPATH_SEARCH_PATHS = "$(inherited) @executable_path/Frameworks";
				PRODUCT_BUNDLE_IDENTIFIER = "cn.com.kivan.cheng.CollecitionView-A";
				PRODUCT_NAME = "$(TARGET_NAME)";
			};
			name = Debug;
		};
		BFD07E5D1E8C7DBC004AFEC1 /* Release */ = {
			isa = XCBuildConfiguration;
			buildSettings = {
				ASSETCATALOG_COMPILER_APPICON_NAME = AppIcon;
				DEVELOPMENT_TEAM = 3X7GXPZAD8;
				INFOPLIST_FILE = CollecitionView_A/Info.plist;
				LD_RUNPATH_SEARCH_PATHS = "$(inherited) @executable_path/Frameworks";
				PRODUCT_BUNDLE_IDENTIFIER = "cn.com.kivan.cheng.CollecitionView-A";
				PRODUCT_NAME = "$(TARGET_NAME)";
			};
			name = Release;
		};
/* End XCBuildConfiguration section */

/* Begin XCConfigurationList section */
		BFD07E3F1E8C7DBC004AFEC1 /* Build configuration list for PBXProject "CollecitionView_A" */ = {
			isa = XCConfigurationList;
			buildConfigurations = (
				BFD07E591E8C7DBC004AFEC1 /* Debug */,
				BFD07E5A1E8C7DBC004AFEC1 /* Release */,
			);
			defaultConfigurationIsVisible = 0;
			defaultConfigurationName = Release;
		};
		BFD07E5B1E8C7DBC004AFEC1 /* Build configuration list for PBXNativeTarget "CollecitionView_A" */ = {
			isa = XCConfigurationList;
			buildConfigurations = (
				BFD07E5C1E8C7DBC004AFEC1 /* Debug */,
				BFD07E5D1E8C7DBC004AFEC1 /* Release */,
			);
			defaultConfigurationIsVisible = 0;
			defaultConfigurationName = Release;
		};
/* End XCConfigurationList section */
	};
	rootObject = BFD07E3C1E8C7DBC004AFEC1 /* Project object */;
}
