// !$*UTF8*$!
{
	archiveVersion = 1;
	classes = {
	};
	objectVersion = 46;
	objects = {

/* Begin PBXBuildFile section */
		068824CC4ACE5A4EB70E0B5E /* libPods-View_Layout.a in Frameworks */ = {isa = PBXBuildFile; fileRef = A6E2ABB30584C92144006BEE /* libPods-View_Layout.a */; };
		BFC898941E952ECB000BE20B /* VIEWCLASSViewController.m in Sources */ = {isa = PBXBuildFile; fileRef = BFC898931E952ECB000BE20B /* VIEWCLASSViewController.m */; };
		BFD07DFF1E8BEB34004AFEC1 /* main.m in Sources */ = {isa = PBXBuildFile; fileRef = BFD07DFE1E8BEB34004AFEC1 /* main.m */; };
		BFD07E021E8BEB34004AFEC1 /* AppDelegate.m in Sources */ = {isa = PBXBuildFile; fileRef = BFD07E011E8BEB34004AFEC1 /* AppDelegate.m */; };
		BFD07E051E8BEB34004AFEC1 /* ViewController.m in Sources */ = {isa = PBXBuildFile; fileRef = BFD07E041E8BEB34004AFEC1 /* ViewController.m */; };
		BFD07E081E8BEB34004AFEC1 /* Main.storyboard in Resources */ = {isa = PBXBuildFile; fileRef = BFD07E061E8BEB34004AFEC1 /* Main.storyboard */; };
		BFD07E0A1E8BEB34004AFEC1 /* Assets.xcassets in Resources */ = {isa = PBXBuildFile; fileRef = BFD07E091E8BEB34004AFEC1 /* Assets.xcassets */; };
		BFD07E0D1E8BEB34004AFEC1 /* LaunchScreen.storyboard in Resources */ = {isa = PBXBuildFile; fileRef = BFD07E0B1E8BEB34004AFEC1 /* LaunchScreen.storyboard */; };
		BFD07E161E8BECDE004AFEC1 /* UIView+CreateLayoutView.m in Sources */ = {isa = PBXBuildFile; fileRef = BFD07E151E8BECDE004AFEC1 /* UIView+CreateLayoutView.m */; };
		BFD07E301E8BEEE0004AFEC1 /* BannerView.m in Sources */ = {isa = PBXBuildFile; fileRef = BFD07E2F1E8BEEE0004AFEC1 /* BannerView.m */; };
		BFD07E321E8BEFCE004AFEC1 /* libPods-View_Gradient.a in Frameworks */ = {isa = PBXBuildFile; fileRef = BFD07E311E8BEFCE004AFEC1 /* libPods-View_Gradient.a */; };
		BFD07E391E8BF0F9004AFEC1 /* UIView+GradientColor.m in Sources */ = {isa = PBXBuildFile; fileRef = BFD07E381E8BF0F9004AFEC1 /* UIView+GradientColor.m */; };
		BFD07E7B1E8D296D004AFEC1 /* UIView+PureLayoutPlus.m in Sources */ = {isa = PBXBuildFile; fileRef = BFD07E7A1E8D296D004AFEC1 /* UIView+PureLayoutPlus.m */; };
/* End PBXBuildFile section */

/* Begin PBXFileReference section */
		6297A76470461E44E5421E8B /* Pods-View_Layout.release.xcconfig */ = {isa = PBXFileReference; includeInIndex = 1; lastKnownFileType = text.xcconfig; name = "Pods-View_Layout.release.xcconfig"; path = "../Pods/Target Support Files/Pods-View_Layout/Pods-View_Layout.release.xcconfig"; sourceTree = "<group>"; };
		775057862979DB584FBC2593 /* Pods-View_Layout.debug.xcconfig */ = {isa = PBXFileReference; includeInIndex = 1; lastKnownFileType = text.xcconfig; name = "Pods-View_Layout.debug.xcconfig"; path = "../Pods/Target Support Files/Pods-View_Layout/Pods-View_Layout.debug.xcconfig"; sourceTree = "<group>"; };
		A6E2ABB30584C92144006BEE /* libPods-View_Layout.a */ = {isa = PBXFileReference; explicitFileType = archive.ar; includeInIndex = 0; path = "libPods-View_Layout.a"; sourceTree = BUILT_PRODUCTS_DIR; };
		BFC898921E952ECB000BE20B /* VIEWCLASSViewController.h */ = {isa = PBXFileReference; fileEncoding = 4; lastKnownFileType = sourcecode.c.h; path = VIEWCLASSViewController.h; sourceTree = "<group>"; };
		BFC898931E952ECB000BE20B /* VIEWCLASSViewController.m */ = {isa = PBXFileReference; fileEncoding = 4; lastKnownFileType = sourcecode.c.objc; path = VIEWCLASSViewController.m; sourceTree = "<group>"; };
		BFD07DFA1E8BEB34004AFEC1 /* View_Layout.app */ = {isa = PBXFileReference; explicitFileType = wrapper.application; includeInIndex = 0; path = View_Layout.app; sourceTree = BUILT_PRODUCTS_DIR; };
		BFD07DFE1E8BEB34004AFEC1 /* main.m */ = {isa = PBXFileReference; lastKnownFileType = sourcecode.c.objc; path = main.m; sourceTree = "<group>"; };
		BFD07E001E8BEB34004AFEC1 /* AppDelegate.h */ = {isa = PBXFileReference; lastKnownFileType = sourcecode.c.h; path = AppDelegate.h; sourceTree = "<group>"; };
		BFD07E011E8BEB34004AFEC1 /* AppDelegate.m */ = {isa = PBXFileReference; lastKnownFileType = sourcecode.c.objc; path = AppDelegate.m; sourceTree = "<group>"; };
		BFD07E031E8BEB34004AFEC1 /* ViewController.h */ = {isa = PBXFileReference; lastKnownFileType = sourcecode.c.h; path = ViewController.h; sourceTree = "<group>"; };
		BFD07E041E8BEB34004AFEC1 /* ViewController.m */ = {isa = PBXFileReference; lastKnownFileType = sourcecode.c.objc; path = ViewController.m; sourceTree = "<group>"; };
		BFD07E071E8BEB34004AFEC1 /* Base */ = {isa = PBXFileReference; lastKnownFileType = file.storyboard; name = Base; path = Base.lproj/Main.storyboard; sourceTree = "<group>"; };
		BFD07E091E8BEB34004AFEC1 /* Assets.xcassets */ = {isa = PBXFileReference; lastKnownFileType = folder.assetcatalog; path = Assets.xcassets; sourceTree = "<group>"; };
		BFD07E0C1E8BEB34004AFEC1 /* Base */ = {isa = PBXFileReference; lastKnownFileType = file.storyboard; name = Base; path = Base.lproj/LaunchScreen.storyboard; sourceTree = "<group>"; };
		BFD07E0E1E8BEB34004AFEC1 /* Info.plist */ = {isa = PBXFileReference; lastKnownFileType = text.plist.xml; path = Info.plist; sourceTree = "<group>"; };
		BFD07E141E8BECDE004AFEC1 /* UIView+CreateLayoutView.h */ = {isa = PBXFileReference; fileEncoding = 4; lastKnownFileType = sourcecode.c.h; path = "UIView+CreateLayoutView.h"; sourceTree = "<group>"; };
		BFD07E151E8BECDE004AFEC1 /* UIView+CreateLayoutView.m */ = {isa = PBXFileReference; fileEncoding = 4; lastKnownFileType = sourcecode.c.objc; path = "UIView+CreateLayoutView.m"; sourceTree = "<group>"; };
		BFD07E2E1E8BEEE0004AFEC1 /* BannerView.h */ = {isa = PBXFileReference; fileEncoding = 4; lastKnownFileType = sourcecode.c.h; name = BannerView.h; path = CustomeView/BannerView.h; sourceTree = "<group>"; };
		BFD07E2F1E8BEEE0004AFEC1 /* BannerView.m */ = {isa = PBXFileReference; fileEncoding = 4; lastKnownFileType = sourcecode.c.objc; name = BannerView.m; path = CustomeView/BannerView.m; sourceTree = "<group>"; };
		BFD07E311E8BEFCE004AFEC1 /* libPods-View_Gradient.a */ = {isa = PBXFileReference; lastKnownFileType = archive.ar; name = "libPods-View_Gradient.a"; path = "/Users/yhd/Desktop/Demo/Demo_Tips/Pods/../build/Debug-iphoneos/libPods-View_Gradient.a"; sourceTree = "<absolute>"; };
		BFD07E371E8BF0F9004AFEC1 /* UIView+GradientColor.h */ = {isa = PBXFileReference; fileEncoding = 4; lastKnownFileType = sourcecode.c.h; path = "UIView+GradientColor.h"; sourceTree = "<group>"; };
		BFD07E381E8BF0F9004AFEC1 /* UIView+GradientColor.m */ = {isa = PBXFileReference; fileEncoding = 4; lastKnownFileType = sourcecode.c.objc; path = "UIView+GradientColor.m"; sourceTree = "<group>"; };
		BFD07E3A1E8BF161004AFEC1 /* PrefixHeader.pch */ = {isa = PBXFileReference; lastKnownFileType = sourcecode.c.h; path = PrefixHeader.pch; sourceTree = "<group>"; };
		BFD07E791E8D296D004AFEC1 /* UIView+PureLayoutPlus.h */ = {isa = PBXFileReference; fileEncoding = 4; lastKnownFileType = sourcecode.c.h; name = "UIView+PureLayoutPlus.h"; path = "PurePlus/UIView+PureLayoutPlus.h"; sourceTree = "<group>"; };
		BFD07E7A1E8D296D004AFEC1 /* UIView+PureLayoutPlus.m */ = {isa = PBXFileReference; fileEncoding = 4; lastKnownFileType = sourcecode.c.objc; name = "UIView+PureLayoutPlus.m"; path = "PurePlus/UIView+PureLayoutPlus.m"; sourceTree = "<group>"; };
/* End PBXFileReference section */

/* Begin PBXFrameworksBuildPhase section */
		BFD07DF71E8BEB34004AFEC1 /* Frameworks */ = {
			isa = PBXFrameworksBuildPhase;
			buildActionMask = 2147483647;
			files = (
				BFD07E321E8BEFCE004AFEC1 /* libPods-View_Gradient.a in Frameworks */,
				068824CC4ACE5A4EB70E0B5E /* libPods-View_Layout.a in Frameworks */,
			);
			runOnlyForDeploymentPostprocessing = 0;
		};
/* End PBXFrameworksBuildPhase section */

/* Begin PBXGroup section */
		30265A83252F31483EE6E749 /* Pods */ = {
			isa = PBXGroup;
			children = (
				775057862979DB584FBC2593 /* Pods-View_Layout.debug.xcconfig */,
				6297A76470461E44E5421E8B /* Pods-View_Layout.release.xcconfig */,
			);
			name = Pods;
			sourceTree = "<group>";
		};
		814372F0C373588417382BCF /* Frameworks */ = {
			isa = PBXGroup;
			children = (
				BFD07E311E8BEFCE004AFEC1 /* libPods-View_Gradient.a */,
				A6E2ABB30584C92144006BEE /* libPods-View_Layout.a */,
			);
			name = Frameworks;
			sourceTree = "<group>";
		};
		BFC897C01E94AF46000BE20B /* LifeCycel */ = {
			isa = PBXGroup;
			children = (
			);
			name = LifeCycel;
			sourceTree = "<group>";
		};
		BFC898911E952EB0000BE20B /* ViewClass */ = {
			isa = PBXGroup;
			children = (
				BFC898921E952ECB000BE20B /* VIEWCLASSViewController.h */,
				BFC898931E952ECB000BE20B /* VIEWCLASSViewController.m */,
			);
			name = ViewClass;
			sourceTree = "<group>";
		};
		BFD07DF11E8BEB34004AFEC1 = {
			isa = PBXGroup;
			children = (
				BFD07DFC1E8BEB34004AFEC1 /* View_Layout */,
				BFD07DFB1E8BEB34004AFEC1 /* Products */,
				30265A83252F31483EE6E749 /* Pods */,
				814372F0C373588417382BCF /* Frameworks */,
			);
			sourceTree = "<group>";
		};
		BFD07DFB1E8BEB34004AFEC1 /* Products */ = {
			isa = PBXGroup;
			children = (
				BFD07DFA1E8BEB34004AFEC1 /* View_Layout.app */,
			);
			name = Products;
			sourceTree = "<group>";
		};
		BFD07DFC1E8BEB34004AFEC1 /* View_Layout */ = {
			isa = PBXGroup;
			children = (
				BFC898911E952EB0000BE20B /* ViewClass */,
				BFC897C01E94AF46000BE20B /* LifeCycel */,
				BFD07E751E8D2896004AFEC1 /* PurePlus */,
				BFD07E171E8BECE2004AFEC1 /* Base */,
				BFD07E001E8BEB34004AFEC1 /* AppDelegate.h */,
				BFD07E011E8BEB34004AFEC1 /* AppDelegate.m */,
				BFD07E031E8BEB34004AFEC1 /* ViewController.h */,
				BFD07E041E8BEB34004AFEC1 /* ViewController.m */,
				BFD07E061E8BEB34004AFEC1 /* Main.storyboard */,
				BFD07E091E8BEB34004AFEC1 /* Assets.xcassets */,
				BFD07E0B1E8BEB34004AFEC1 /* LaunchScreen.storyboard */,
				BFD07E0E1E8BEB34004AFEC1 /* Info.plist */,
				BFD07DFD1E8BEB34004AFEC1 /* Supporting Files */,
				BFD07E2E1E8BEEE0004AFEC1 /* BannerView.h */,
				BFD07E2F1E8BEEE0004AFEC1 /* BannerView.m */,
				BFD07E3A1E8BF161004AFEC1 /* PrefixHeader.pch */,
			);
			path = View_Layout;
			sourceTree = "<group>";
		};
		BFD07DFD1E8BEB34004AFEC1 /* Supporting Files */ = {
			isa = PBXGroup;
			children = (
				BFD07DFE1E8BEB34004AFEC1 /* main.m */,
			);
			name = "Supporting Files";
			sourceTree = "<group>";
		};
		BFD07E171E8BECE2004AFEC1 /* Base */ = {
			isa = PBXGroup;
			children = (
				BFD07E371E8BF0F9004AFEC1 /* UIView+GradientColor.h */,
				BFD07E381E8BF0F9004AFEC1 /* UIView+GradientColor.m */,
				BFD07E141E8BECDE004AFEC1 /* UIView+CreateLayoutView.h */,
				BFD07E151E8BECDE004AFEC1 /* UIView+CreateLayoutView.m */,
			);
			name = Base;
			sourceTree = "<group>";
		};
		BFD07E751E8D2896004AFEC1 /* PurePlus */ = {
			isa = PBXGroup;
			children = (
				BFD07E791E8D296D004AFEC1 /* UIView+PureLayoutPlus.h */,
				BFD07E7A1E8D296D004AFEC1 /* UIView+PureLayoutPlus.m */,
			);
			name = PurePlus;
			sourceTree = "<group>";
		};
/* End PBXGroup section */

/* Begin PBXNativeTarget section */
		BFD07DF91E8BEB34004AFEC1 /* View_Layout */ = {
			isa = PBXNativeTarget;
			buildConfigurationList = BFD07E111E8BEB34004AFEC1 /* Build configuration list for PBXNativeTarget "View_Layout" */;
			buildPhases = (
				BCF2A5033910DE922B98C593 /* [CP] Check Pods Manifest.lock */,
				BFD07DF61E8BEB34004AFEC1 /* Sources */,
				BFD07DF71E8BEB34004AFEC1 /* Frameworks */,
				BFD07DF81E8BEB34004AFEC1 /* Resources */,
				9EABFB3BE85D9090B2DFA5D5 /* [CP] Embed Pods Frameworks */,
				D8195EE16FEA4DB92F6C684A /* [CP] Copy Pods Resources */,
			);
			buildRules = (
			);
			dependencies = (
			);
			name = View_Layout;
			productName = View_Layout;
			productReference = BFD07DFA1E8BEB34004AFEC1 /* View_Layout.app */;
			productType = "com.apple.product-type.application";
		};
/* End PBXNativeTarget section */

/* Begin PBXProject section */
		BFD07DF21E8BEB34004AFEC1 /* Project object */ = {
			isa = PBXProject;
			attributes = {
				LastUpgradeCheck = 0820;
				ORGANIZATIONNAME = yhd;
				TargetAttributes = {
					BFD07DF91E8BEB34004AFEC1 = {
						CreatedOnToolsVersion = 8.2.1;
						DevelopmentTeam = 3X7GXPZAD8;
						ProvisioningStyle = Automatic;
					};
				};
			};
			buildConfigurationList = BFD07DF51E8BEB34004AFEC1 /* Build configuration list for PBXProject "View_Layout" */;
			compatibilityVersion = "Xcode 3.2";
			developmentRegion = English;
			hasScannedForEncodings = 0;
			knownRegions = (
				en,
				Base,
			);
			mainGroup = BFD07DF11E8BEB34004AFEC1;
			productRefGroup = BFD07DFB1E8BEB34004AFEC1 /* Products */;
			projectDirPath = "";
			projectRoot = "";
			targets = (
				BFD07DF91E8BEB34004AFEC1 /* View_Layout */,
			);
		};
/* End PBXProject section */

/* Begin PBXResourcesBuildPhase section */
		BFD07DF81E8BEB34004AFEC1 /* Resources */ = {
			isa = PBXResourcesBuildPhase;
			buildActionMask = 2147483647;
			files = (
				BFD07E0D1E8BEB34004AFEC1 /* LaunchScreen.storyboard in Resources */,
				BFD07E0A1E8BEB34004AFEC1 /* Assets.xcassets in Resources */,
				BFD07E081E8BEB34004AFEC1 /* Main.storyboard in Resources */,
			);
			runOnlyForDeploymentPostprocessing = 0;
		};
/* End PBXResourcesBuildPhase section */

/* Begin PBXShellScriptBuildPhase section */
		9EABFB3BE85D9090B2DFA5D5 /* [CP] Embed Pods Frameworks */ = {
			isa = PBXShellScriptBuildPhase;
			buildActionMask = 2147483647;
			files = (
			);
			inputPaths = (
			);
			name = "[CP] Embed Pods Frameworks";
			outputPaths = (
			);
			runOnlyForDeploymentPostprocessing = 0;
			shellPath = /bin/sh;
			shellScript = "\"${SRCROOT}/../Pods/Target Support Files/Pods-View_Layout/Pods-View_Layout-frameworks.sh\"\n";
			showEnvVarsInLog = 0;
		};
		BCF2A5033910DE922B98C593 /* [CP] Check Pods Manifest.lock */ = {
			isa = PBXShellScriptBuildPhase;
			buildActionMask = 2147483647;
			files = (
			);
			inputPaths = (
			);
			name = "[CP] Check Pods Manifest.lock";
			outputPaths = (
			);
			runOnlyForDeploymentPostprocessing = 0;
			shellPath = /bin/sh;
			shellScript = "diff \"${PODS_PODFILE_DIR_PATH}/Podfile.lock\" \"${PODS_ROOT}/Manifest.lock\" > /dev/null\nif [ $? != 0 ] ; then\n    # print error to STDERR\n    echo \"error: The sandbox is not in sync with the Podfile.lock. Run 'pod install' or update your CocoaPods installation.\" >&2\n    exit 1\nfi\n";
			showEnvVarsInLog = 0;
		};
		D8195EE16FEA4DB92F6C684A /* [CP] Copy Pods Resources */ = {
			isa = PBXShellScriptBuildPhase;
			buildActionMask = 2147483647;
			files = (
			);
			inputPaths = (
			);
			name = "[CP] Copy Pods Resources";
			outputPaths = (
			);
			runOnlyForDeploymentPostprocessing = 0;
			shellPath = /bin/sh;
			shellScript = "\"${SRCROOT}/../Pods/Target Support Files/Pods-View_Layout/Pods-View_Layout-resources.sh\"\n";
			showEnvVarsInLog = 0;
		};
/* End PBXShellScriptBuildPhase section */

/* Begin PBXSourcesBuildPhase section */
		BFD07DF61E8BEB34004AFEC1 /* Sources */ = {
			isa = PBXSourcesBuildPhase;
			buildActionMask = 2147483647;
			files = (
				BFD07E391E8BF0F9004AFEC1 /* UIView+GradientColor.m in Sources */,
				BFD07E051E8BEB34004AFEC1 /* ViewController.m in Sources */,
				BFD07E161E8BECDE004AFEC1 /* UIView+CreateLayoutView.m in Sources */,
				BFD07E021E8BEB34004AFEC1 /* AppDelegate.m in Sources */,
				BFC898941E952ECB000BE20B /* VIEWCLASSViewController.m in Sources */,
				BFD07E7B1E8D296D004AFEC1 /* UIView+PureLayoutPlus.m in Sources */,
				BFD07E301E8BEEE0004AFEC1 /* BannerView.m in Sources */,
				BFD07DFF1E8BEB34004AFEC1 /* main.m in Sources */,
			);
			runOnlyForDeploymentPostprocessing = 0;
		};
/* End PBXSourcesBuildPhase section */

/* Begin PBXVariantGroup section */
		BFD07E061E8BEB34004AFEC1 /* Main.storyboard */ = {
			isa = PBXVariantGroup;
			children = (
				BFD07E071E8BEB34004AFEC1 /* Base */,
			);
			name = Main.storyboard;
			sourceTree = "<group>";
		};
		BFD07E0B1E8BEB34004AFEC1 /* LaunchScreen.storyboard */ = {
			isa = PBXVariantGroup;
			children = (
				BFD07E0C1E8BEB34004AFEC1 /* Base */,
			);
			name = LaunchScreen.storyboard;
			sourceTree = "<group>";
		};
/* End PBXVariantGroup section */

/* Begin XCBuildConfiguration section */
		BFD07E0F1E8BEB34004AFEC1 /* Debug */ = {
			isa = XCBuildConfiguration;
			buildSettings = {
				ALWAYS_SEARCH_USER_PATHS = NO;
				CLANG_ANALYZER_NONNULL = YES;
				CLANG_CXX_LANGUAGE_STANDARD = "gnu++0x";
				CLANG_CXX_LIBRARY = "libc++";
				CLANG_ENABLE_MODULES = YES;
				CLANG_ENABLE_OBJC_ARC = YES;
				CLANG_WARN_BOOL_CONVERSION = YES;
				CLANG_WARN_CONSTANT_CONVERSION = YES;
				CLANG_WARN_DIRECT_OBJC_ISA_USAGE = YES_ERROR;
				CLANG_WARN_DOCUMENTATION_COMMENTS = YES;
				CLANG_WARN_EMPTY_BODY = YES;
				CLANG_WARN_ENUM_CONVERSION = YES;
				CLANG_WARN_INFINITE_RECURSION = YES;
				CLANG_WARN_INT_CONVERSION = YES;
				CLANG_WARN_OBJC_ROOT_CLASS = YES_ERROR;
				CLANG_WARN_SUSPICIOUS_MOVE = YES;
				CLANG_WARN_UNREACHABLE_CODE = YES;
				CLANG_WARN__DUPLICATE_METHOD_MATCH = YES;
				"CODE_SIGN_IDENTITY[sdk=iphoneos*]" = "iPhone Developer";
				COPY_PHASE_STRIP = NO;
				DEBUG_INFORMATION_FORMAT = dwarf;
				ENABLE_STRICT_OBJC_MSGSEND = YES;
				ENABLE_TESTABILITY = YES;
				GCC_C_LANGUAGE_STANDARD = gnu99;
				GCC_DYNAMIC_NO_PIC = NO;
				GCC_NO_COMMON_BLOCKS = YES;
				GCC_OPTIMIZATION_LEVEL = 0;
				GCC_PREPROCESSOR_DEFINITIONS = (
					"DEBUG=1",
					"$(inherited)",
				);
				GCC_WARN_64_TO_32_BIT_CONVERSION = YES;
				GCC_WARN_ABOUT_RETURN_TYPE = YES_ERROR;
				GCC_WARN_UNDECLARED_SELECTOR = YES;
				GCC_WARN_UNINITIALIZED_AUTOS = YES_AGGRESSIVE;
				GCC_WARN_UNUSED_FUNCTION = YES;
				GCC_WARN_UNUSED_VARIABLE = YES;
				IPHONEOS_DEPLOYMENT_TARGET = 10.2;
				MTL_ENABLE_DEBUG_INFO = YES;
				ONLY_ACTIVE_ARCH = YES;
				SDKROOT = iphoneos;
			};
			name = Debug;
		};
		BFD07E101E8BEB34004AFEC1 /* Release */ = {
			isa = XCBuildConfiguration;
			buildSettings = {
				ALWAYS_SEARCH_USER_PATHS = NO;
				CLANG_ANALYZER_NONNULL = YES;
				CLANG_CXX_LANGUAGE_STANDARD = "gnu++0x";
				CLANG_CXX_LIBRARY = "libc++";
				CLANG_ENABLE_MODULES = YES;
				CLANG_ENABLE_OBJC_ARC = YES;
				CLANG_WARN_BOOL_CONVERSION = YES;
				CLANG_WARN_CONSTANT_CONVERSION = YES;
				CLANG_WARN_DIRECT_OBJC_ISA_USAGE = YES_ERROR;
				CLANG_WARN_DOCUMENTATION_COMMENTS = YES;
				CLANG_WARN_EMPTY_BODY = YES;
				CLANG_WARN_ENUM_CONVERSION = YES;
				CLANG_WARN_INFINITE_RECURSION = YES;
				CLANG_WARN_INT_CONVERSION = YES;
				CLANG_WARN_OBJC_ROOT_CLASS = YES_ERROR;
				CLANG_WARN_SUSPICIOUS_MOVE = YES;
				CLANG_WARN_UNREACHABLE_CODE = YES;
				CLANG_WARN__DUPLICATE_METHOD_MATCH = YES;
				"CODE_SIGN_IDENTITY[sdk=iphoneos*]" = "iPhone Developer";
				COPY_PHASE_STRIP = NO;
				DEBUG_INFORMATION_FORMAT = "dwarf-with-dsym";
				ENABLE_NS_ASSERTIONS = NO;
				ENABLE_STRICT_OBJC_MSGSEND = YES;
				GCC_C_LANGUAGE_STANDARD = gnu99;
				GCC_NO_COMMON_BLOCKS = YES;
				GCC_WARN_64_TO_32_BIT_CONVERSION = YES;
				GCC_WARN_ABOUT_RETURN_TYPE = YES_ERROR;
				GCC_WARN_UNDECLARED_SELECTOR = YES;
				GCC_WARN_UNINITIALIZED_AUTOS = YES_AGGRESSIVE;
				GCC_WARN_UNUSED_FUNCTION = YES;
				GCC_WARN_UNUSED_VARIABLE = YES;
				IPHONEOS_DEPLOYMENT_TARGET = 10.2;
				MTL_ENABLE_DEBUG_INFO = NO;
				SDKROOT = iphoneos;
				VALIDATE_PRODUCT = YES;
			};
			name = Release;
		};
		BFD07E121E8BEB34004AFEC1 /* Debug */ = {
			isa = XCBuildConfiguration;
			baseConfigurationReference = 775057862979DB584FBC2593 /* Pods-View_Layout.debug.xcconfig */;
			buildSettings = {
				ASSETCATALOG_COMPILER_APPICON_NAME = AppIcon;
				DEVELOPMENT_TEAM = 3X7GXPZAD8;
				GCC_PRECOMPILE_PREFIX_HEADER = YES;
				GCC_PREFIX_HEADER = "$(SRCROOT)/View_Layout/PrefixHeader.pch";
				INFOPLIST_FILE = View_Layout/Info.plist;
				LD_RUNPATH_SEARCH_PATHS = "$(inherited) @executable_path/Frameworks";
				PRODUCT_BUNDLE_IDENTIFIER = "cn.com.kivan.cheng.View-Layout";
				PRODUCT_NAME = "$(TARGET_NAME)";
			};
			name = Debug;
		};
		BFD07E131E8BEB34004AFEC1 /* Release */ = {
			isa = XCBuildConfiguration;
			baseConfigurationReference = 6297A76470461E44E5421E8B /* Pods-View_Layout.release.xcconfig */;
			buildSettings = {
				ASSETCATALOG_COMPILER_APPICON_NAME = AppIcon;
				DEVELOPMENT_TEAM = 3X7GXPZAD8;
				GCC_PRECOMPILE_PREFIX_HEADER = YES;
				GCC_PREFIX_HEADER = "$(SRCROOT)/View_Layout/PrefixHeader.pch";
				INFOPLIST_FILE = View_Layout/Info.plist;
				LD_RUNPATH_SEARCH_PATHS = "$(inherited) @executable_path/Frameworks";
				PRODUCT_BUNDLE_IDENTIFIER = "cn.com.kivan.cheng.View-Layout";
				PRODUCT_NAME = "$(TARGET_NAME)";
			};
			name = Release;
		};
/* End XCBuildConfiguration section */

/* Begin XCConfigurationList section */
		BFD07DF51E8BEB34004AFEC1 /* Build configuration list for PBXProject "View_Layout" */ = {
			isa = XCConfigurationList;
			buildConfigurations = (
				BFD07E0F1E8BEB34004AFEC1 /* Debug */,
				BFD07E101E8BEB34004AFEC1 /* Release */,
			);
			defaultConfigurationIsVisible = 0;
			defaultConfigurationName = Release;
		};
		BFD07E111E8BEB34004AFEC1 /* Build configuration list for PBXNativeTarget "View_Layout" */ = {
			isa = XCConfigurationList;
			buildConfigurations = (
				BFD07E121E8BEB34004AFEC1 /* Debug */,
				BFD07E131E8BEB34004AFEC1 /* Release */,
			);
			defaultConfigurationIsVisible = 0;
			defaultConfigurationName = Release;
		};
/* End XCConfigurationList section */
	};
	rootObject = BFD07DF21E8BEB34004AFEC1 /* Project object */;
}
