// !$*UTF8*$!
{
	archiveVersion = 1;
	classes = {
	};
	objectVersion = 46;
	objects = {

/* Begin PBXBuildFile section */
		BF13D89F1EA5BF1700AE0A83 /* KIVContainerViewController.m in Sources */ = {isa = PBXBuildFile; fileRef = BF13D89E1EA5BF1700AE0A83 /* KIVContainerViewController.m */; };
		BF13D8A61EA5BF7C00AE0A83 /* ParentsViewController.m in Sources */ = {isa = PBXBuildFile; fileRef = BF13D8A21EA5BF7C00AE0A83 /* ParentsViewController.m */; };
		BF13D8A71EA5BF7C00AE0A83 /* ChildViewController.m in Sources */ = {isa = PBXBuildFile; fileRef = BF13D8A31EA5BF7C00AE0A83 /* ChildViewController.m */; };
		BF13D8AC1EA5CD5500AE0A83 /* UIViewController+ContainerVC.m in Sources */ = {isa = PBXBuildFile; fileRef = BF13D8AB1EA5CD5500AE0A83 /* UIViewController+ContainerVC.m */; };
		BF96293B1EA66E3C00BCDE8B /* KIVControllerDispach.m in Sources */ = {isa = PBXBuildFile; fileRef = BF96293A1EA66E3C00BCDE8B /* KIVControllerDispach.m */; };
		BF96293E1EA6732200BCDE8B /* KIVMainViewController.m in Sources */ = {isa = PBXBuildFile; fileRef = BF96293D1EA6732200BCDE8B /* KIVMainViewController.m */; };
		BF9629411EA6776100BCDE8B /* KIVViewController1.m in Sources */ = {isa = PBXBuildFile; fileRef = BF9629401EA6776100BCDE8B /* KIVViewController1.m */; };
		BF9629461EA6F01900BCDE8B /* UIViewController+KIVContainerExtension.m in Sources */ = {isa = PBXBuildFile; fileRef = BF9629451EA6F01900BCDE8B /* UIViewController+KIVContainerExtension.m */; };
		BFA664791E7B655B00AC087E /* main.m in Sources */ = {isa = PBXBuildFile; fileRef = BFA664781E7B655B00AC087E /* main.m */; };
		BFA6647C1E7B655B00AC087E /* AppDelegate.m in Sources */ = {isa = PBXBuildFile; fileRef = BFA6647B1E7B655B00AC087E /* AppDelegate.m */; };
		BFA664841E7B655B00AC087E /* Assets.xcassets in Resources */ = {isa = PBXBuildFile; fileRef = BFA664831E7B655B00AC087E /* Assets.xcassets */; };
		BFA664871E7B655B00AC087E /* LaunchScreen.storyboard in Resources */ = {isa = PBXBuildFile; fileRef = BFA664851E7B655B00AC087E /* LaunchScreen.storyboard */; };
/* End PBXBuildFile section */

/* Begin PBXFileReference section */
		BF13D89D1EA5BF1700AE0A83 /* KIVContainerViewController.h */ = {isa = PBXFileReference; fileEncoding = 4; lastKnownFileType = sourcecode.c.h; name = KIVContainerViewController.h; path = "容器视图对子VC的管理/KIVContainerViewController.h"; sourceTree = "<group>"; };
		BF13D89E1EA5BF1700AE0A83 /* KIVContainerViewController.m */ = {isa = PBXFileReference; fileEncoding = 4; lastKnownFileType = sourcecode.c.objc; name = KIVContainerViewController.m; path = "容器视图对子VC的管理/KIVContainerViewController.m"; sourceTree = "<group>"; };
		BF13D8A21EA5BF7C00AE0A83 /* ParentsViewController.m */ = {isa = PBXFileReference; fileEncoding = 4; lastKnownFileType = sourcecode.c.objc; name = ParentsViewController.m; path = "父子视图的生命周期关系/ParentsViewController.m"; sourceTree = "<group>"; };
		BF13D8A31EA5BF7C00AE0A83 /* ChildViewController.m */ = {isa = PBXFileReference; fileEncoding = 4; lastKnownFileType = sourcecode.c.objc; name = ChildViewController.m; path = "父子视图的生命周期关系/ChildViewController.m"; sourceTree = "<group>"; };
		BF13D8A41EA5BF7C00AE0A83 /* ChildViewController.h */ = {isa = PBXFileReference; fileEncoding = 4; lastKnownFileType = sourcecode.c.h; name = ChildViewController.h; path = "父子视图的生命周期关系/ChildViewController.h"; sourceTree = "<group>"; };
		BF13D8A51EA5BF7C00AE0A83 /* ParentsViewController.h */ = {isa = PBXFileReference; fileEncoding = 4; lastKnownFileType = sourcecode.c.h; name = ParentsViewController.h; path = "父子视图的生命周期关系/ParentsViewController.h"; sourceTree = "<group>"; };
		BF13D8AA1EA5CD5500AE0A83 /* UIViewController+ContainerVC.h */ = {isa = PBXFileReference; fileEncoding = 4; lastKnownFileType = sourcecode.c.h; path = "UIViewController+ContainerVC.h"; sourceTree = "<group>"; };
		BF13D8AB1EA5CD5500AE0A83 /* UIViewController+ContainerVC.m */ = {isa = PBXFileReference; fileEncoding = 4; lastKnownFileType = sourcecode.c.objc; path = "UIViewController+ContainerVC.m"; sourceTree = "<group>"; };
		BF9629391EA66E3C00BCDE8B /* KIVControllerDispach.h */ = {isa = PBXFileReference; fileEncoding = 4; lastKnownFileType = sourcecode.c.h; name = KIVControllerDispach.h; path = ControllerDispach/KIVControllerDispach.h; sourceTree = "<group>"; };
		BF96293A1EA66E3C00BCDE8B /* KIVControllerDispach.m */ = {isa = PBXFileReference; fileEncoding = 4; lastKnownFileType = sourcecode.c.objc; name = KIVControllerDispach.m; path = ControllerDispach/KIVControllerDispach.m; sourceTree = "<group>"; };
		BF96293C1EA6732200BCDE8B /* KIVMainViewController.h */ = {isa = PBXFileReference; fileEncoding = 4; lastKnownFileType = sourcecode.c.h; path = KIVMainViewController.h; sourceTree = "<group>"; };
		BF96293D1EA6732200BCDE8B /* KIVMainViewController.m */ = {isa = PBXFileReference; fileEncoding = 4; lastKnownFileType = sourcecode.c.objc; path = KIVMainViewController.m; sourceTree = "<group>"; };
		BF96293F1EA6776100BCDE8B /* KIVViewController1.h */ = {isa = PBXFileReference; fileEncoding = 4; lastKnownFileType = sourcecode.c.h; path = KIVViewController1.h; sourceTree = "<group>"; };
		BF9629401EA6776100BCDE8B /* KIVViewController1.m */ = {isa = PBXFileReference; fileEncoding = 4; lastKnownFileType = sourcecode.c.objc; path = KIVViewController1.m; sourceTree = "<group>"; };
		BF9629421EA6778200BCDE8B /* PrefixHeader.pch */ = {isa = PBXFileReference; lastKnownFileType = sourcecode.c.h; path = PrefixHeader.pch; sourceTree = "<group>"; };
		BF9629441EA6F01900BCDE8B /* UIViewController+KIVContainerExtension.h */ = {isa = PBXFileReference; fileEncoding = 4; lastKnownFileType = sourcecode.c.h; name = "UIViewController+KIVContainerExtension.h"; path = "ContainerExtension/UIViewController+KIVContainerExtension.h"; sourceTree = "<group>"; };
		BF9629451EA6F01900BCDE8B /* UIViewController+KIVContainerExtension.m */ = {isa = PBXFileReference; fileEncoding = 4; lastKnownFileType = sourcecode.c.objc; name = "UIViewController+KIVContainerExtension.m"; path = "ContainerExtension/UIViewController+KIVContainerExtension.m"; sourceTree = "<group>"; };
		BFA664741E7B655B00AC087E /* ContainerViewController.app */ = {isa = PBXFileReference; explicitFileType = wrapper.application; includeInIndex = 0; path = ContainerViewController.app; sourceTree = BUILT_PRODUCTS_DIR; };
		BFA664781E7B655B00AC087E /* main.m */ = {isa = PBXFileReference; lastKnownFileType = sourcecode.c.objc; path = main.m; sourceTree = "<group>"; };
		BFA6647A1E7B655B00AC087E /* AppDelegate.h */ = {isa = PBXFileReference; lastKnownFileType = sourcecode.c.h; path = AppDelegate.h; sourceTree = "<group>"; };
		BFA6647B1E7B655B00AC087E /* AppDelegate.m */ = {isa = PBXFileReference; lastKnownFileType = sourcecode.c.objc; path = AppDelegate.m; sourceTree = "<group>"; };
		BFA664831E7B655B00AC087E /* Assets.xcassets */ = {isa = PBXFileReference; lastKnownFileType = folder.assetcatalog; path = Assets.xcassets; sourceTree = "<group>"; };
		BFA664861E7B655B00AC087E /* Base */ = {isa = PBXFileReference; lastKnownFileType = file.storyboard; name = Base; path = Base.lproj/LaunchScreen.storyboard; sourceTree = "<group>"; };
		BFA664881E7B655B00AC087E /* Info.plist */ = {isa = PBXFileReference; lastKnownFileType = text.plist.xml; path = Info.plist; sourceTree = "<group>"; };
/* End PBXFileReference section */

/* Begin PBXFrameworksBuildPhase section */
		BFA664711E7B655B00AC087E /* Frameworks */ = {
			isa = PBXFrameworksBuildPhase;
			buildActionMask = 2147483647;
			files = (
			);
			runOnlyForDeploymentPostprocessing = 0;
		};
/* End PBXFrameworksBuildPhase section */

/* Begin PBXGroup section */
		BF13D8991EA5BEC200AE0A83 /* 容器视图对子VC的管理,是否有意义？ 系统都自带了 */ = {
			isa = PBXGroup;
			children = (
				BF13D8A91EA5C22F00AE0A83 /* ChildVC */,
				BF13D8A81EA5C22300AE0A83 /* ContainerVC */,
				BF13D8AA1EA5CD5500AE0A83 /* UIViewController+ContainerVC.h */,
				BF13D8AB1EA5CD5500AE0A83 /* UIViewController+ContainerVC.m */,
			);
			name = "容器视图对子VC的管理,是否有意义？ 系统都自带了";
			sourceTree = "<group>";
		};
		BF13D8A01EA5BF1F00AE0A83 /* 父子视图的生命周期关系 */ = {
			isa = PBXGroup;
			children = (
				BF13D8A51EA5BF7C00AE0A83 /* ParentsViewController.h */,
				BF13D8A21EA5BF7C00AE0A83 /* ParentsViewController.m */,
				BF13D8A41EA5BF7C00AE0A83 /* ChildViewController.h */,
				BF13D8A31EA5BF7C00AE0A83 /* ChildViewController.m */,
			);
			name = "父子视图的生命周期关系";
			sourceTree = "<group>";
		};
		BF13D8A81EA5C22300AE0A83 /* ContainerVC */ = {
			isa = PBXGroup;
			children = (
				BF13D89D1EA5BF1700AE0A83 /* KIVContainerViewController.h */,
				BF13D89E1EA5BF1700AE0A83 /* KIVContainerViewController.m */,
			);
			name = ContainerVC;
			sourceTree = "<group>";
		};
		BF13D8A91EA5C22F00AE0A83 /* ChildVC */ = {
			isa = PBXGroup;
			children = (
			);
			name = ChildVC;
			sourceTree = "<group>";
		};
		BF9629381EA66DF200BCDE8B /* Navi */ = {
			isa = PBXGroup;
			children = (
				BF9629391EA66E3C00BCDE8B /* KIVControllerDispach.h */,
				BF96293A1EA66E3C00BCDE8B /* KIVControllerDispach.m */,
			);
			name = Navi;
			sourceTree = "<group>";
		};
		BF9629431EA6EFC000BCDE8B /* KIVContainterVC */ = {
			isa = PBXGroup;
			children = (
				BF9629441EA6F01900BCDE8B /* UIViewController+KIVContainerExtension.h */,
				BF9629451EA6F01900BCDE8B /* UIViewController+KIVContainerExtension.m */,
			);
			name = KIVContainterVC;
			sourceTree = "<group>";
		};
		BFA6646B1E7B655B00AC087E = {
			isa = PBXGroup;
			children = (
				BF9629431EA6EFC000BCDE8B /* KIVContainterVC */,
				BF96293F1EA6776100BCDE8B /* KIVViewController1.h */,
				BF9629401EA6776100BCDE8B /* KIVViewController1.m */,
				BF9629381EA66DF200BCDE8B /* Navi */,
				BFA664761E7B655B00AC087E /* ContainerViewController */,
				BFA664751E7B655B00AC087E /* Products */,
			);
			sourceTree = "<group>";
		};
		BFA664751E7B655B00AC087E /* Products */ = {
			isa = PBXGroup;
			children = (
				BFA664741E7B655B00AC087E /* ContainerViewController.app */,
			);
			name = Products;
			sourceTree = "<group>";
		};
		BFA664761E7B655B00AC087E /* ContainerViewController */ = {
			isa = PBXGroup;
			children = (
				BF13D8A01EA5BF1F00AE0A83 /* 父子视图的生命周期关系 */,
				BF13D8991EA5BEC200AE0A83 /* 容器视图对子VC的管理,是否有意义？ 系统都自带了 */,
				BFA6647A1E7B655B00AC087E /* AppDelegate.h */,
				BFA6647B1E7B655B00AC087E /* AppDelegate.m */,
				BFA664831E7B655B00AC087E /* Assets.xcassets */,
				BFA664851E7B655B00AC087E /* LaunchScreen.storyboard */,
				BFA664881E7B655B00AC087E /* Info.plist */,
				BFA664771E7B655B00AC087E /* Supporting Files */,
				BF96293C1EA6732200BCDE8B /* KIVMainViewController.h */,
				BF96293D1EA6732200BCDE8B /* KIVMainViewController.m */,
				BF9629421EA6778200BCDE8B /* PrefixHeader.pch */,
			);
			path = ContainerViewController;
			sourceTree = "<group>";
		};
		BFA664771E7B655B00AC087E /* Supporting Files */ = {
			isa = PBXGroup;
			children = (
				BFA664781E7B655B00AC087E /* main.m */,
			);
			name = "Supporting Files";
			sourceTree = "<group>";
		};
/* End PBXGroup section */

/* Begin PBXNativeTarget section */
		BFA664731E7B655B00AC087E /* ContainerViewController */ = {
			isa = PBXNativeTarget;
			buildConfigurationList = BFA6648B1E7B655B00AC087E /* Build configuration list for PBXNativeTarget "ContainerViewController" */;
			buildPhases = (
				BFA664701E7B655B00AC087E /* Sources */,
				BFA664711E7B655B00AC087E /* Frameworks */,
				BFA664721E7B655B00AC087E /* Resources */,
			);
			buildRules = (
			);
			dependencies = (
			);
			name = ContainerViewController;
			productName = ContainerViewController;
			productReference = BFA664741E7B655B00AC087E /* ContainerViewController.app */;
			productType = "com.apple.product-type.application";
		};
/* End PBXNativeTarget section */

/* Begin PBXProject section */
		BFA6646C1E7B655B00AC087E /* Project object */ = {
			isa = PBXProject;
			attributes = {
				LastUpgradeCheck = 0820;
				ORGANIZATIONNAME = yhd;
				TargetAttributes = {
					BFA664731E7B655B00AC087E = {
						CreatedOnToolsVersion = 8.2.1;
						DevelopmentTeam = 3X7GXPZAD8;
						ProvisioningStyle = Automatic;
					};
				};
			};
			buildConfigurationList = BFA6646F1E7B655B00AC087E /* Build configuration list for PBXProject "ContainerViewController" */;
			compatibilityVersion = "Xcode 3.2";
			developmentRegion = English;
			hasScannedForEncodings = 0;
			knownRegions = (
				en,
				Base,
			);
			mainGroup = BFA6646B1E7B655B00AC087E;
			productRefGroup = BFA664751E7B655B00AC087E /* Products */;
			projectDirPath = "";
			projectRoot = "";
			targets = (
				BFA664731E7B655B00AC087E /* ContainerViewController */,
			);
		};
/* End PBXProject section */

/* Begin PBXResourcesBuildPhase section */
		BFA664721E7B655B00AC087E /* Resources */ = {
			isa = PBXResourcesBuildPhase;
			buildActionMask = 2147483647;
			files = (
				BFA664871E7B655B00AC087E /* LaunchScreen.storyboard in Resources */,
				BFA664841E7B655B00AC087E /* Assets.xcassets in Resources */,
			);
			runOnlyForDeploymentPostprocessing = 0;
		};
/* End PBXResourcesBuildPhase section */

/* Begin PBXSourcesBuildPhase section */
		BFA664701E7B655B00AC087E /* Sources */ = {
			isa = PBXSourcesBuildPhase;
			buildActionMask = 2147483647;
			files = (
				BF96293E1EA6732200BCDE8B /* KIVMainViewController.m in Sources */,
				BF13D89F1EA5BF1700AE0A83 /* KIVContainerViewController.m in Sources */,
				BF9629411EA6776100BCDE8B /* KIVViewController1.m in Sources */,
				BF96293B1EA66E3C00BCDE8B /* KIVControllerDispach.m in Sources */,
				BF13D8AC1EA5CD5500AE0A83 /* UIViewController+ContainerVC.m in Sources */,
				BF9629461EA6F01900BCDE8B /* UIViewController+KIVContainerExtension.m in Sources */,
				BFA6647C1E7B655B00AC087E /* AppDelegate.m in Sources */,
				BF13D8A71EA5BF7C00AE0A83 /* ChildViewController.m in Sources */,
				BF13D8A61EA5BF7C00AE0A83 /* ParentsViewController.m in Sources */,
				BFA664791E7B655B00AC087E /* main.m in Sources */,
			);
			runOnlyForDeploymentPostprocessing = 0;
		};
/* End PBXSourcesBuildPhase section */

/* Begin PBXVariantGroup section */
		BFA664851E7B655B00AC087E /* LaunchScreen.storyboard */ = {
			isa = PBXVariantGroup;
			children = (
				BFA664861E7B655B00AC087E /* Base */,
			);
			name = LaunchScreen.storyboard;
			sourceTree = "<group>";
		};
/* End PBXVariantGroup section */

/* Begin XCBuildConfiguration section */
		BFA664891E7B655B00AC087E /* Debug */ = {
			isa = XCBuildConfiguration;
			buildSettings = {
				ALWAYS_SEARCH_USER_PATHS = NO;
				CLANG_ANALYZER_NONNULL = YES;
				CLANG_CXX_LANGUAGE_STANDARD = "gnu++0x";
				CLANG_CXX_LIBRARY = "libc++";
				CLANG_ENABLE_MODULES = YES;
				CLANG_ENABLE_OBJC_ARC = YES;
				CLANG_WARN_BOOL_CONVERSION = YES;
				CLANG_WARN_CONSTANT_CONVERSION = YES;
				CLANG_WARN_DIRECT_OBJC_ISA_USAGE = YES_ERROR;
				CLANG_WARN_DOCUMENTATION_COMMENTS = YES;
				CLANG_WARN_EMPTY_BODY = YES;
				CLANG_WARN_ENUM_CONVERSION = YES;
				CLANG_WARN_INFINITE_RECURSION = YES;
				CLANG_WARN_INT_CONVERSION = YES;
				CLANG_WARN_OBJC_ROOT_CLASS = YES_ERROR;
				CLANG_WARN_SUSPICIOUS_MOVE = YES;
				CLANG_WARN_UNREACHABLE_CODE = YES;
				CLANG_WARN__DUPLICATE_METHOD_MATCH = YES;
				"CODE_SIGN_IDENTITY[sdk=iphoneos*]" = "iPhone Developer";
				COPY_PHASE_STRIP = NO;
				DEBUG_INFORMATION_FORMAT = dwarf;
				ENABLE_STRICT_OBJC_MSGSEND = YES;
				ENABLE_TESTABILITY = YES;
				GCC_C_LANGUAGE_STANDARD = gnu99;
				GCC_DYNAMIC_NO_PIC = NO;
				GCC_NO_COMMON_BLOCKS = YES;
				GCC_OPTIMIZATION_LEVEL = 0;
				GCC_PREPROCESSOR_DEFINITIONS = (
					"DEBUG=1",
					"$(inherited)",
				);
				GCC_WARN_64_TO_32_BIT_CONVERSION = YES;
				GCC_WARN_ABOUT_RETURN_TYPE = YES_ERROR;
				GCC_WARN_UNDECLARED_SELECTOR = YES;
				GCC_WARN_UNINITIALIZED_AUTOS = YES_AGGRESSIVE;
				GCC_WARN_UNUSED_FUNCTION = YES;
				GCC_WARN_UNUSED_VARIABLE = YES;
				IPHONEOS_DEPLOYMENT_TARGET = 10.2;
				MTL_ENABLE_DEBUG_INFO = YES;
				ONLY_ACTIVE_ARCH = YES;
				SDKROOT = iphoneos;
			};
			name = Debug;
		};
		BFA6648A1E7B655B00AC087E /* Release */ = {
			isa = XCBuildConfiguration;
			buildSettings = {
				ALWAYS_SEARCH_USER_PATHS = NO;
				CLANG_ANALYZER_NONNULL = YES;
				CLANG_CXX_LANGUAGE_STANDARD = "gnu++0x";
				CLANG_CXX_LIBRARY = "libc++";
				CLANG_ENABLE_MODULES = YES;
				CLANG_ENABLE_OBJC_ARC = YES;
				CLANG_WARN_BOOL_CONVERSION = YES;
				CLANG_WARN_CONSTANT_CONVERSION = YES;
				CLANG_WARN_DIRECT_OBJC_ISA_USAGE = YES_ERROR;
				CLANG_WARN_DOCUMENTATION_COMMENTS = YES;
				CLANG_WARN_EMPTY_BODY = YES;
				CLANG_WARN_ENUM_CONVERSION = YES;
				CLANG_WARN_INFINITE_RECURSION = YES;
				CLANG_WARN_INT_CONVERSION = YES;
				CLANG_WARN_OBJC_ROOT_CLASS = YES_ERROR;
				CLANG_WARN_SUSPICIOUS_MOVE = YES;
				CLANG_WARN_UNREACHABLE_CODE = YES;
				CLANG_WARN__DUPLICATE_METHOD_MATCH = YES;
				"CODE_SIGN_IDENTITY[sdk=iphoneos*]" = "iPhone Developer";
				COPY_PHASE_STRIP = NO;
				DEBUG_INFORMATION_FORMAT = "dwarf-with-dsym";
				ENABLE_NS_ASSERTIONS = NO;
				ENABLE_STRICT_OBJC_MSGSEND = YES;
				GCC_C_LANGUAGE_STANDARD = gnu99;
				GCC_NO_COMMON_BLOCKS = YES;
				GCC_WARN_64_TO_32_BIT_CONVERSION = YES;
				GCC_WARN_ABOUT_RETURN_TYPE = YES_ERROR;
				GCC_WARN_UNDECLARED_SELECTOR = YES;
				GCC_WARN_UNINITIALIZED_AUTOS = YES_AGGRESSIVE;
				GCC_WARN_UNUSED_FUNCTION = YES;
				GCC_WARN_UNUSED_VARIABLE = YES;
				IPHONEOS_DEPLOYMENT_TARGET = 10.2;
				MTL_ENABLE_DEBUG_INFO = NO;
				SDKROOT = iphoneos;
				VALIDATE_PRODUCT = YES;
			};
			name = Release;
		};
		BFA6648C1E7B655B00AC087E /* Debug */ = {
			isa = XCBuildConfiguration;
			buildSettings = {
				ASSETCATALOG_COMPILER_APPICON_NAME = AppIcon;
				DEVELOPMENT_TEAM = 3X7GXPZAD8;
				GCC_PRECOMPILE_PREFIX_HEADER = YES;
				GCC_PREFIX_HEADER = "$(SRCROOT)/ContainerViewController/PrefixHeader.pch";
				INFOPLIST_FILE = ContainerViewController/Info.plist;
				LD_RUNPATH_SEARCH_PATHS = "$(inherited) @executable_path/Frameworks";
				PRODUCT_BUNDLE_IDENTIFIER = cn.com.kivan.cheng.ContainerViewController;
				PRODUCT_NAME = "$(TARGET_NAME)";
			};
			name = Debug;
		};
		BFA6648D1E7B655B00AC087E /* Release */ = {
			isa = XCBuildConfiguration;
			buildSettings = {
				ASSETCATALOG_COMPILER_APPICON_NAME = AppIcon;
				DEVELOPMENT_TEAM = 3X7GXPZAD8;
				GCC_PRECOMPILE_PREFIX_HEADER = YES;
				GCC_PREFIX_HEADER = "$(SRCROOT)/ContainerViewController/PrefixHeader.pch";
				INFOPLIST_FILE = ContainerViewController/Info.plist;
				LD_RUNPATH_SEARCH_PATHS = "$(inherited) @executable_path/Frameworks";
				PRODUCT_BUNDLE_IDENTIFIER = cn.com.kivan.cheng.ContainerViewController;
				PRODUCT_NAME = "$(TARGET_NAME)";
			};
			name = Release;
		};
/* End XCBuildConfiguration section */

/* Begin XCConfigurationList section */
		BFA6646F1E7B655B00AC087E /* Build configuration list for PBXProject "ContainerViewController" */ = {
			isa = XCConfigurationList;
			buildConfigurations = (
				BFA664891E7B655B00AC087E /* Debug */,
				BFA6648A1E7B655B00AC087E /* Release */,
			);
			defaultConfigurationIsVisible = 0;
			defaultConfigurationName = Release;
		};
		BFA6648B1E7B655B00AC087E /* Build configuration list for PBXNativeTarget "ContainerViewController" */ = {
			isa = XCConfigurationList;
			buildConfigurations = (
				BFA6648C1E7B655B00AC087E /* Debug */,
				BFA6648D1E7B655B00AC087E /* Release */,
			);
			defaultConfigurationIsVisible = 0;
			defaultConfigurationName = Release;
		};
/* End XCConfigurationList section */
	};
	rootObject = BFA6646C1E7B655B00AC087E /* Project object */;
}
