// !$*UTF8*$!
{
	archiveVersion = 1;
	classes = {
	};
	objectVersion = 46;
	objects = {

/* Begin PBXBuildFile section */
		5A927B1A0CB662A93D0EA210 /* libPods-NetWork_A.a in Frameworks */ = {isa = PBXBuildFile; fileRef = 5FFB4E9433C9AF7340770AE1 /* libPods-NetWork_A.a */; };
		BF6ABE2A1E8DCF5400BE31FE /* main.m in Sources */ = {isa = PBXBuildFile; fileRef = BF6ABE291E8DCF5400BE31FE /* main.m */; };
		BF6ABE2D1E8DCF5400BE31FE /* AppDelegate.m in Sources */ = {isa = PBXBuildFile; fileRef = BF6ABE2C1E8DCF5400BE31FE /* AppDelegate.m */; };
		BF6ABE301E8DCF5400BE31FE /* ViewController.m in Sources */ = {isa = PBXBuildFile; fileRef = BF6ABE2F1E8DCF5400BE31FE /* ViewController.m */; };
		BF6ABE331E8DCF5400BE31FE /* Main.storyboard in Resources */ = {isa = PBXBuildFile; fileRef = BF6ABE311E8DCF5400BE31FE /* Main.storyboard */; };
		BF6ABE351E8DCF5400BE31FE /* Assets.xcassets in Resources */ = {isa = PBXBuildFile; fileRef = BF6ABE341E8DCF5400BE31FE /* Assets.xcassets */; };
		BF6ABE381E8DCF5400BE31FE /* LaunchScreen.storyboard in Resources */ = {isa = PBXBuildFile; fileRef = BF6ABE361E8DCF5400BE31FE /* LaunchScreen.storyboard */; };
/* End PBXBuildFile section */

/* Begin PBXFileReference section */
		34AFDA05A345B2EE6D720972 /* Pods-NetWork_A.debug.xcconfig */ = {isa = PBXFileReference; includeInIndex = 1; lastKnownFileType = text.xcconfig; name = "Pods-NetWork_A.debug.xcconfig"; path = "../Pods/Target Support Files/Pods-NetWork_A/Pods-NetWork_A.debug.xcconfig"; sourceTree = "<group>"; };
		5FFB4E9433C9AF7340770AE1 /* libPods-NetWork_A.a */ = {isa = PBXFileReference; explicitFileType = archive.ar; includeInIndex = 0; path = "libPods-NetWork_A.a"; sourceTree = BUILT_PRODUCTS_DIR; };
		BF6ABE251E8DCF5400BE31FE /* NetWork_A.app */ = {isa = PBXFileReference; explicitFileType = wrapper.application; includeInIndex = 0; path = NetWork_A.app; sourceTree = BUILT_PRODUCTS_DIR; };
		BF6ABE291E8DCF5400BE31FE /* main.m */ = {isa = PBXFileReference; lastKnownFileType = sourcecode.c.objc; path = main.m; sourceTree = "<group>"; };
		BF6ABE2B1E8DCF5400BE31FE /* AppDelegate.h */ = {isa = PBXFileReference; lastKnownFileType = sourcecode.c.h; path = AppDelegate.h; sourceTree = "<group>"; };
		BF6ABE2C1E8DCF5400BE31FE /* AppDelegate.m */ = {isa = PBXFileReference; lastKnownFileType = sourcecode.c.objc; path = AppDelegate.m; sourceTree = "<group>"; };
		BF6ABE2E1E8DCF5400BE31FE /* ViewController.h */ = {isa = PBXFileReference; lastKnownFileType = sourcecode.c.h; path = ViewController.h; sourceTree = "<group>"; };
		BF6ABE2F1E8DCF5400BE31FE /* ViewController.m */ = {isa = PBXFileReference; lastKnownFileType = sourcecode.c.objc; path = ViewController.m; sourceTree = "<group>"; };
		BF6ABE321E8DCF5400BE31FE /* Base */ = {isa = PBXFileReference; lastKnownFileType = file.storyboard; name = Base; path = Base.lproj/Main.storyboard; sourceTree = "<group>"; };
		BF6ABE341E8DCF5400BE31FE /* Assets.xcassets */ = {isa = PBXFileReference; lastKnownFileType = folder.assetcatalog; path = Assets.xcassets; sourceTree = "<group>"; };
		BF6ABE371E8DCF5400BE31FE /* Base */ = {isa = PBXFileReference; lastKnownFileType = file.storyboard; name = Base; path = Base.lproj/LaunchScreen.storyboard; sourceTree = "<group>"; };
		BF6ABE391E8DCF5400BE31FE /* Info.plist */ = {isa = PBXFileReference; lastKnownFileType = text.plist.xml; path = Info.plist; sourceTree = "<group>"; };
		D1A5AD437A93801EDF30E118 /* Pods-NetWork_A.release.xcconfig */ = {isa = PBXFileReference; includeInIndex = 1; lastKnownFileType = text.xcconfig; name = "Pods-NetWork_A.release.xcconfig"; path = "../Pods/Target Support Files/Pods-NetWork_A/Pods-NetWork_A.release.xcconfig"; sourceTree = "<group>"; };
/* End PBXFileReference section */

/* Begin PBXFrameworksBuildPhase section */
		BF6ABE221E8DCF5400BE31FE /* Frameworks */ = {
			isa = PBXFrameworksBuildPhase;
			buildActionMask = 2147483647;
			files = (
				5A927B1A0CB662A93D0EA210 /* libPods-NetWork_A.a in Frameworks */,
			);
			runOnlyForDeploymentPostprocessing = 0;
		};
/* End PBXFrameworksBuildPhase section */

/* Begin PBXGroup section */
		1BD5C5AB3E66F4F4E56B37BF /* Frameworks */ = {
			isa = PBXGroup;
			children = (
				5FFB4E9433C9AF7340770AE1 /* libPods-NetWork_A.a */,
			);
			name = Frameworks;
			sourceTree = "<group>";
		};
		BF6ABE1C1E8DCF5400BE31FE = {
			isa = PBXGroup;
			children = (
				BF6ABE271E8DCF5400BE31FE /* NetWork_A */,
				BF6ABE261E8DCF5400BE31FE /* Products */,
				E0563DDA20F217689F857832 /* Pods */,
				1BD5C5AB3E66F4F4E56B37BF /* Frameworks */,
			);
			sourceTree = "<group>";
		};
		BF6ABE261E8DCF5400BE31FE /* Products */ = {
			isa = PBXGroup;
			children = (
				BF6ABE251E8DCF5400BE31FE /* NetWork_A.app */,
			);
			name = Products;
			sourceTree = "<group>";
		};
		BF6ABE271E8DCF5400BE31FE /* NetWork_A */ = {
			isa = PBXGroup;
			children = (
				BF6ABEBF1E8DD9CE00BE31FE /* AFNetworking */,
				BF6ABE2B1E8DCF5400BE31FE /* AppDelegate.h */,
				BF6ABE2C1E8DCF5400BE31FE /* AppDelegate.m */,
				BF6ABE2E1E8DCF5400BE31FE /* ViewController.h */,
				BF6ABE2F1E8DCF5400BE31FE /* ViewController.m */,
				BF6ABE311E8DCF5400BE31FE /* Main.storyboard */,
				BF6ABE341E8DCF5400BE31FE /* Assets.xcassets */,
				BF6ABE361E8DCF5400BE31FE /* LaunchScreen.storyboard */,
				BF6ABE391E8DCF5400BE31FE /* Info.plist */,
				BF6ABE281E8DCF5400BE31FE /* Supporting Files */,
			);
			path = NetWork_A;
			sourceTree = "<group>";
		};
		BF6ABE281E8DCF5400BE31FE /* Supporting Files */ = {
			isa = PBXGroup;
			children = (
				BF6ABE291E8DCF5400BE31FE /* main.m */,
			);
			name = "Supporting Files";
			sourceTree = "<group>";
		};
		BF6ABEBF1E8DD9CE00BE31FE /* AFNetworking */ = {
			isa = PBXGroup;
			children = (
				BF8B416D1E9B0343006DDA9B /* UIKit */,
				BF8B416C1E9B032C006DDA9B /* Support Files */,
				BF8B416B1E9B0325006DDA9B /* Serialization */,
				BF8B416A1E9B031F006DDA9B /* Security */,
				BF8B41691E9B0314006DDA9B /* Reachability */,
				BF8B41681E9B0308006DDA9B /* NSURLSession */,
			);
			name = AFNetworking;
			sourceTree = "<group>";
		};
		BF8B41681E9B0308006DDA9B /* NSURLSession */ = {
			isa = PBXGroup;
			children = (
			);
			name = NSURLSession;
			sourceTree = "<group>";
		};
		BF8B41691E9B0314006DDA9B /* Reachability */ = {
			isa = PBXGroup;
			children = (
			);
			name = Reachability;
			sourceTree = "<group>";
		};
		BF8B416A1E9B031F006DDA9B /* Security */ = {
			isa = PBXGroup;
			children = (
			);
			name = Security;
			sourceTree = "<group>";
		};
		BF8B416B1E9B0325006DDA9B /* Serialization */ = {
			isa = PBXGroup;
			children = (
			);
			name = Serialization;
			sourceTree = "<group>";
		};
		BF8B416C1E9B032C006DDA9B /* Support Files */ = {
			isa = PBXGroup;
			children = (
			);
			name = "Support Files";
			sourceTree = "<group>";
		};
		BF8B416D1E9B0343006DDA9B /* UIKit */ = {
			isa = PBXGroup;
			children = (
			);
			name = UIKit;
			sourceTree = "<group>";
		};
		E0563DDA20F217689F857832 /* Pods */ = {
			isa = PBXGroup;
			children = (
				34AFDA05A345B2EE6D720972 /* Pods-NetWork_A.debug.xcconfig */,
				D1A5AD437A93801EDF30E118 /* Pods-NetWork_A.release.xcconfig */,
			);
			name = Pods;
			sourceTree = "<group>";
		};
/* End PBXGroup section */

/* Begin PBXNativeTarget section */
		BF6ABE241E8DCF5400BE31FE /* NetWork_A */ = {
			isa = PBXNativeTarget;
			buildConfigurationList = BF6ABE3C1E8DCF5400BE31FE /* Build configuration list for PBXNativeTarget "NetWork_A" */;
			buildPhases = (
				8D632ABE2F7B6EBD5A90C4A5 /* [CP] Check Pods Manifest.lock */,
				BF6ABE211E8DCF5400BE31FE /* Sources */,
				BF6ABE221E8DCF5400BE31FE /* Frameworks */,
				BF6ABE231E8DCF5400BE31FE /* Resources */,
				2B30E6F6F2145C8D3A78F32E /* [CP] Embed Pods Frameworks */,
				83E75F5BFA9ADA615EC809B7 /* [CP] Copy Pods Resources */,
			);
			buildRules = (
			);
			dependencies = (
			);
			name = NetWork_A;
			productName = NetWork_A;
			productReference = BF6ABE251E8DCF5400BE31FE /* NetWork_A.app */;
			productType = "com.apple.product-type.application";
		};
/* End PBXNativeTarget section */

/* Begin PBXProject section */
		BF6ABE1D1E8DCF5400BE31FE /* Project object */ = {
			isa = PBXProject;
			attributes = {
				LastUpgradeCheck = 0820;
				ORGANIZATIONNAME = cqf;
				TargetAttributes = {
					BF6ABE241E8DCF5400BE31FE = {
						CreatedOnToolsVersion = 8.2.1;
						DevelopmentTeam = 3X7GXPZAD8;
						ProvisioningStyle = Automatic;
					};
				};
			};
			buildConfigurationList = BF6ABE201E8DCF5400BE31FE /* Build configuration list for PBXProject "NetWork_A" */;
			compatibilityVersion = "Xcode 3.2";
			developmentRegion = English;
			hasScannedForEncodings = 0;
			knownRegions = (
				en,
				Base,
			);
			mainGroup = BF6ABE1C1E8DCF5400BE31FE;
			productRefGroup = BF6ABE261E8DCF5400BE31FE /* Products */;
			projectDirPath = "";
			projectRoot = "";
			targets = (
				BF6ABE241E8DCF5400BE31FE /* NetWork_A */,
			);
		};
/* End PBXProject section */

/* Begin PBXResourcesBuildPhase section */
		BF6ABE231E8DCF5400BE31FE /* Resources */ = {
			isa = PBXResourcesBuildPhase;
			buildActionMask = 2147483647;
			files = (
				BF6ABE381E8DCF5400BE31FE /* LaunchScreen.storyboard in Resources */,
				BF6ABE351E8DCF5400BE31FE /* Assets.xcassets in Resources */,
				BF6ABE331E8DCF5400BE31FE /* Main.storyboard in Resources */,
			);
			runOnlyForDeploymentPostprocessing = 0;
		};
/* End PBXResourcesBuildPhase section */

/* Begin PBXShellScriptBuildPhase section */
		2B30E6F6F2145C8D3A78F32E /* [CP] Embed Pods Frameworks */ = {
			isa = PBXShellScriptBuildPhase;
			buildActionMask = 2147483647;
			files = (
			);
			inputPaths = (
			);
			name = "[CP] Embed Pods Frameworks";
			outputPaths = (
			);
			runOnlyForDeploymentPostprocessing = 0;
			shellPath = /bin/sh;
			shellScript = "\"${SRCROOT}/../Pods/Target Support Files/Pods-NetWork_A/Pods-NetWork_A-frameworks.sh\"\n";
			showEnvVarsInLog = 0;
		};
		83E75F5BFA9ADA615EC809B7 /* [CP] Copy Pods Resources */ = {
			isa = PBXShellScriptBuildPhase;
			buildActionMask = 2147483647;
			files = (
			);
			inputPaths = (
			);
			name = "[CP] Copy Pods Resources";
			outputPaths = (
			);
			runOnlyForDeploymentPostprocessing = 0;
			shellPath = /bin/sh;
			shellScript = "\"${SRCROOT}/../Pods/Target Support Files/Pods-NetWork_A/Pods-NetWork_A-resources.sh\"\n";
			showEnvVarsInLog = 0;
		};
		8D632ABE2F7B6EBD5A90C4A5 /* [CP] Check Pods Manifest.lock */ = {
			isa = PBXShellScriptBuildPhase;
			buildActionMask = 2147483647;
			files = (
			);
			inputPaths = (
			);
			name = "[CP] Check Pods Manifest.lock";
			outputPaths = (
			);
			runOnlyForDeploymentPostprocessing = 0;
			shellPath = /bin/sh;
			shellScript = "diff \"${PODS_PODFILE_DIR_PATH}/Podfile.lock\" \"${PODS_ROOT}/Manifest.lock\" > /dev/null\nif [ $? != 0 ] ; then\n    # print error to STDERR\n    echo \"error: The sandbox is not in sync with the Podfile.lock. Run 'pod install' or update your CocoaPods installation.\" >&2\n    exit 1\nfi\n";
			showEnvVarsInLog = 0;
		};
/* End PBXShellScriptBuildPhase section */

/* Begin PBXSourcesBuildPhase section */
		BF6ABE211E8DCF5400BE31FE /* Sources */ = {
			isa = PBXSourcesBuildPhase;
			buildActionMask = 2147483647;
			files = (
				BF6ABE301E8DCF5400BE31FE /* ViewController.m in Sources */,
				BF6ABE2D1E8DCF5400BE31FE /* AppDelegate.m in Sources */,
				BF6ABE2A1E8DCF5400BE31FE /* main.m in Sources */,
			);
			runOnlyForDeploymentPostprocessing = 0;
		};
/* End PBXSourcesBuildPhase section */

/* Begin PBXVariantGroup section */
		BF6ABE311E8DCF5400BE31FE /* Main.storyboard */ = {
			isa = PBXVariantGroup;
			children = (
				BF6ABE321E8DCF5400BE31FE /* Base */,
			);
			name = Main.storyboard;
			sourceTree = "<group>";
		};
		BF6ABE361E8DCF5400BE31FE /* LaunchScreen.storyboard */ = {
			isa = PBXVariantGroup;
			children = (
				BF6ABE371E8DCF5400BE31FE /* Base */,
			);
			name = LaunchScreen.storyboard;
			sourceTree = "<group>";
		};
/* End PBXVariantGroup section */

/* Begin XCBuildConfiguration section */
		BF6ABE3A1E8DCF5400BE31FE /* Debug */ = {
			isa = XCBuildConfiguration;
			buildSettings = {
				ALWAYS_SEARCH_USER_PATHS = NO;
				CLANG_ANALYZER_NONNULL = YES;
				CLANG_CXX_LANGUAGE_STANDARD = "gnu++0x";
				CLANG_CXX_LIBRARY = "libc++";
				CLANG_ENABLE_MODULES = YES;
				CLANG_ENABLE_OBJC_ARC = YES;
				CLANG_WARN_BOOL_CONVERSION = YES;
				CLANG_WARN_CONSTANT_CONVERSION = YES;
				CLANG_WARN_DIRECT_OBJC_ISA_USAGE = YES_ERROR;
				CLANG_WARN_DOCUMENTATION_COMMENTS = YES;
				CLANG_WARN_EMPTY_BODY = YES;
				CLANG_WARN_ENUM_CONVERSION = YES;
				CLANG_WARN_INFINITE_RECURSION = YES;
				CLANG_WARN_INT_CONVERSION = YES;
				CLANG_WARN_OBJC_ROOT_CLASS = YES_ERROR;
				CLANG_WARN_SUSPICIOUS_MOVE = YES;
				CLANG_WARN_UNREACHABLE_CODE = YES;
				CLANG_WARN__DUPLICATE_METHOD_MATCH = YES;
				"CODE_SIGN_IDENTITY[sdk=iphoneos*]" = "iPhone Developer";
				COPY_PHASE_STRIP = NO;
				DEBUG_INFORMATION_FORMAT = dwarf;
				ENABLE_STRICT_OBJC_MSGSEND = YES;
				ENABLE_TESTABILITY = YES;
				GCC_C_LANGUAGE_STANDARD = gnu99;
				GCC_DYNAMIC_NO_PIC = NO;
				GCC_NO_COMMON_BLOCKS = YES;
				GCC_OPTIMIZATION_LEVEL = 0;
				GCC_PREPROCESSOR_DEFINITIONS = (
					"DEBUG=1",
					"$(inherited)",
				);
				GCC_WARN_64_TO_32_BIT_CONVERSION = YES;
				GCC_WARN_ABOUT_RETURN_TYPE = YES_ERROR;
				GCC_WARN_UNDECLARED_SELECTOR = YES;
				GCC_WARN_UNINITIALIZED_AUTOS = YES_AGGRESSIVE;
				GCC_WARN_UNUSED_FUNCTION = YES;
				GCC_WARN_UNUSED_VARIABLE = YES;
				IPHONEOS_DEPLOYMENT_TARGET = 10.2;
				MTL_ENABLE_DEBUG_INFO = YES;
				ONLY_ACTIVE_ARCH = YES;
				SDKROOT = iphoneos;
			};
			name = Debug;
		};
		BF6ABE3B1E8DCF5400BE31FE /* Release */ = {
			isa = XCBuildConfiguration;
			buildSettings = {
				ALWAYS_SEARCH_USER_PATHS = NO;
				CLANG_ANALYZER_NONNULL = YES;
				CLANG_CXX_LANGUAGE_STANDARD = "gnu++0x";
				CLANG_CXX_LIBRARY = "libc++";
				CLANG_ENABLE_MODULES = YES;
				CLANG_ENABLE_OBJC_ARC = YES;
				CLANG_WARN_BOOL_CONVERSION = YES;
				CLANG_WARN_CONSTANT_CONVERSION = YES;
				CLANG_WARN_DIRECT_OBJC_ISA_USAGE = YES_ERROR;
				CLANG_WARN_DOCUMENTATION_COMMENTS = YES;
				CLANG_WARN_EMPTY_BODY = YES;
				CLANG_WARN_ENUM_CONVERSION = YES;
				CLANG_WARN_INFINITE_RECURSION = YES;
				CLANG_WARN_INT_CONVERSION = YES;
				CLANG_WARN_OBJC_ROOT_CLASS = YES_ERROR;
				CLANG_WARN_SUSPICIOUS_MOVE = YES;
				CLANG_WARN_UNREACHABLE_CODE = YES;
				CLANG_WARN__DUPLICATE_METHOD_MATCH = YES;
				"CODE_SIGN_IDENTITY[sdk=iphoneos*]" = "iPhone Developer";
				COPY_PHASE_STRIP = NO;
				DEBUG_INFORMATION_FORMAT = "dwarf-with-dsym";
				ENABLE_NS_ASSERTIONS = NO;
				ENABLE_STRICT_OBJC_MSGSEND = YES;
				GCC_C_LANGUAGE_STANDARD = gnu99;
				GCC_NO_COMMON_BLOCKS = YES;
				GCC_WARN_64_TO_32_BIT_CONVERSION = YES;
				GCC_WARN_ABOUT_RETURN_TYPE = YES_ERROR;
				GCC_WARN_UNDECLARED_SELECTOR = YES;
				GCC_WARN_UNINITIALIZED_AUTOS = YES_AGGRESSIVE;
				GCC_WARN_UNUSED_FUNCTION = YES;
				GCC_WARN_UNUSED_VARIABLE = YES;
				IPHONEOS_DEPLOYMENT_TARGET = 10.2;
				MTL_ENABLE_DEBUG_INFO = NO;
				SDKROOT = iphoneos;
				VALIDATE_PRODUCT = YES;
			};
			name = Release;
		};
		BF6ABE3D1E8DCF5400BE31FE /* Debug */ = {
			isa = XCBuildConfiguration;
			baseConfigurationReference = 34AFDA05A345B2EE6D720972 /* Pods-NetWork_A.debug.xcconfig */;
			buildSettings = {
				ASSETCATALOG_COMPILER_APPICON_NAME = AppIcon;
				DEVELOPMENT_TEAM = 3X7GXPZAD8;
				INFOPLIST_FILE = NetWork_A/Info.plist;
				LD_RUNPATH_SEARCH_PATHS = "$(inherited) @executable_path/Frameworks";
				PRODUCT_BUNDLE_IDENTIFIER = "cn.com.kivan.cheng.NetWork-A";
				PRODUCT_NAME = "$(TARGET_NAME)";
			};
			name = Debug;
		};
		BF6ABE3E1E8DCF5400BE31FE /* Release */ = {
			isa = XCBuildConfiguration;
			baseConfigurationReference = D1A5AD437A93801EDF30E118 /* Pods-NetWork_A.release.xcconfig */;
			buildSettings = {
				ASSETCATALOG_COMPILER_APPICON_NAME = AppIcon;
				DEVELOPMENT_TEAM = 3X7GXPZAD8;
				INFOPLIST_FILE = NetWork_A/Info.plist;
				LD_RUNPATH_SEARCH_PATHS = "$(inherited) @executable_path/Frameworks";
				PRODUCT_BUNDLE_IDENTIFIER = "cn.com.kivan.cheng.NetWork-A";
				PRODUCT_NAME = "$(TARGET_NAME)";
			};
			name = Release;
		};
/* End XCBuildConfiguration section */

/* Begin XCConfigurationList section */
		BF6ABE201E8DCF5400BE31FE /* Build configuration list for PBXProject "NetWork_A" */ = {
			isa = XCConfigurationList;
			buildConfigurations = (
				BF6ABE3A1E8DCF5400BE31FE /* Debug */,
				BF6ABE3B1E8DCF5400BE31FE /* Release */,
			);
			defaultConfigurationIsVisible = 0;
			defaultConfigurationName = Release;
		};
		BF6ABE3C1E8DCF5400BE31FE /* Build configuration list for PBXNativeTarget "NetWork_A" */ = {
			isa = XCConfigurationList;
			buildConfigurations = (
				BF6ABE3D1E8DCF5400BE31FE /* Debug */,
				BF6ABE3E1E8DCF5400BE31FE /* Release */,
			);
			defaultConfigurationIsVisible = 0;
			defaultConfigurationName = Release;
		};
/* End XCConfigurationList section */
	};
	rootObject = BF6ABE1D1E8DCF5400BE31FE /* Project object */;
}
