// !$*UTF8*$!
{
	archiveVersion = 1;
	classes = {
	};
	objectVersion = 46;
	objects = {

/* Begin PBXBuildFile section */
		8F8D22801ECC43A600D27F46 /* main.m in Sources */ = {isa = PBXBuildFile; fileRef = 8F8D227F1ECC43A600D27F46 /* main.m */; };
		8F8D22831ECC43A600D27F46 /* AppDelegate.m in Sources */ = {isa = PBXBuildFile; fileRef = 8F8D22821ECC43A600D27F46 /* AppDelegate.m */; };
		8F8D22861ECC43A600D27F46 /* ViewController.m in Sources */ = {isa = PBXBuildFile; fileRef = 8F8D22851ECC43A600D27F46 /* ViewController.m */; };
		8F8D22891ECC43A600D27F46 /* Main.storyboard in Resources */ = {isa = PBXBuildFile; fileRef = 8F8D22871ECC43A600D27F46 /* Main.storyboard */; };
		8F8D228B1ECC43A600D27F46 /* Assets.xcassets in Resources */ = {isa = PBXBuildFile; fileRef = 8F8D228A1ECC43A600D27F46 /* Assets.xcassets */; };
		8F8D228E1ECC43A600D27F46 /* LaunchScreen.storyboard in Resources */ = {isa = PBXBuildFile; fileRef = 8F8D228C1ECC43A600D27F46 /* LaunchScreen.storyboard */; };
		8F8D22971ECC46F200D27F46 /* AccessoryCell.m in Sources */ = {isa = PBXBuildFile; fileRef = 8F8D22961ECC46F200D27F46 /* AccessoryCell.m */; };
		8F8D22991ECC488300D27F46 /* AccessoryCell.xib in Resources */ = {isa = PBXBuildFile; fileRef = 8F8D22981ECC488300D27F46 /* AccessoryCell.xib */; };
		8F8D22F51ECD380700D27F46 /* AccessoryCollectionViewFlowLayout.m in Sources */ = {isa = PBXBuildFile; fileRef = 8F8D22F41ECD380700D27F46 /* AccessoryCollectionViewFlowLayout.m */; };
		B05CDA4F0F71CF1BCD5A23E7 /* libPods-Accessory_A.a in Frameworks */ = {isa = PBXBuildFile; fileRef = 96532898CA3FEB8E4A29B4C1 /* libPods-Accessory_A.a */; };
/* End PBXBuildFile section */

/* Begin PBXFileReference section */
		8F8D227B1ECC43A600D27F46 /* Accessory_A.app */ = {isa = PBXFileReference; explicitFileType = wrapper.application; includeInIndex = 0; path = Accessory_A.app; sourceTree = BUILT_PRODUCTS_DIR; };
		8F8D227F1ECC43A600D27F46 /* main.m */ = {isa = PBXFileReference; lastKnownFileType = sourcecode.c.objc; path = main.m; sourceTree = "<group>"; };
		8F8D22811ECC43A600D27F46 /* AppDelegate.h */ = {isa = PBXFileReference; lastKnownFileType = sourcecode.c.h; path = AppDelegate.h; sourceTree = "<group>"; };
		8F8D22821ECC43A600D27F46 /* AppDelegate.m */ = {isa = PBXFileReference; lastKnownFileType = sourcecode.c.objc; path = AppDelegate.m; sourceTree = "<group>"; };
		8F8D22841ECC43A600D27F46 /* ViewController.h */ = {isa = PBXFileReference; lastKnownFileType = sourcecode.c.h; path = ViewController.h; sourceTree = "<group>"; };
		8F8D22851ECC43A600D27F46 /* ViewController.m */ = {isa = PBXFileReference; lastKnownFileType = sourcecode.c.objc; path = ViewController.m; sourceTree = "<group>"; };
		8F8D22881ECC43A600D27F46 /* Base */ = {isa = PBXFileReference; lastKnownFileType = file.storyboard; name = Base; path = Base.lproj/Main.storyboard; sourceTree = "<group>"; };
		8F8D228A1ECC43A600D27F46 /* Assets.xcassets */ = {isa = PBXFileReference; lastKnownFileType = folder.assetcatalog; path = Assets.xcassets; sourceTree = "<group>"; };
		8F8D228D1ECC43A600D27F46 /* Base */ = {isa = PBXFileReference; lastKnownFileType = file.storyboard; name = Base; path = Base.lproj/LaunchScreen.storyboard; sourceTree = "<group>"; };
		8F8D228F1ECC43A600D27F46 /* Info.plist */ = {isa = PBXFileReference; lastKnownFileType = text.plist.xml; path = Info.plist; sourceTree = "<group>"; };
		8F8D22951ECC46F200D27F46 /* AccessoryCell.h */ = {isa = PBXFileReference; fileEncoding = 4; lastKnownFileType = sourcecode.c.h; path = AccessoryCell.h; sourceTree = "<group>"; };
		8F8D22961ECC46F200D27F46 /* AccessoryCell.m */ = {isa = PBXFileReference; fileEncoding = 4; lastKnownFileType = sourcecode.c.objc; path = AccessoryCell.m; sourceTree = "<group>"; };
		8F8D22981ECC488300D27F46 /* AccessoryCell.xib */ = {isa = PBXFileReference; fileEncoding = 4; lastKnownFileType = file.xib; path = AccessoryCell.xib; sourceTree = "<group>"; };
		8F8D22F31ECD380700D27F46 /* AccessoryCollectionViewFlowLayout.h */ = {isa = PBXFileReference; fileEncoding = 4; lastKnownFileType = sourcecode.c.h; path = AccessoryCollectionViewFlowLayout.h; sourceTree = "<group>"; };
		8F8D22F41ECD380700D27F46 /* AccessoryCollectionViewFlowLayout.m */ = {isa = PBXFileReference; fileEncoding = 4; lastKnownFileType = sourcecode.c.objc; path = AccessoryCollectionViewFlowLayout.m; sourceTree = "<group>"; };
		96532898CA3FEB8E4A29B4C1 /* libPods-Accessory_A.a */ = {isa = PBXFileReference; explicitFileType = archive.ar; includeInIndex = 0; path = "libPods-Accessory_A.a"; sourceTree = BUILT_PRODUCTS_DIR; };
		AC2E3F4B51C125DED66CB076 /* Pods-Accessory_A.debug.xcconfig */ = {isa = PBXFileReference; includeInIndex = 1; lastKnownFileType = text.xcconfig; name = "Pods-Accessory_A.debug.xcconfig"; path = "../Pods/Target Support Files/Pods-Accessory_A/Pods-Accessory_A.debug.xcconfig"; sourceTree = "<group>"; };
		F68DC5187F54105D9EE3D8FB /* Pods-Accessory_A.release.xcconfig */ = {isa = PBXFileReference; includeInIndex = 1; lastKnownFileType = text.xcconfig; name = "Pods-Accessory_A.release.xcconfig"; path = "../Pods/Target Support Files/Pods-Accessory_A/Pods-Accessory_A.release.xcconfig"; sourceTree = "<group>"; };
/* End PBXFileReference section */

/* Begin PBXFrameworksBuildPhase section */
		8F8D22781ECC43A600D27F46 /* Frameworks */ = {
			isa = PBXFrameworksBuildPhase;
			buildActionMask = 2147483647;
			files = (
				B05CDA4F0F71CF1BCD5A23E7 /* libPods-Accessory_A.a in Frameworks */,
			);
			runOnlyForDeploymentPostprocessing = 0;
		};
/* End PBXFrameworksBuildPhase section */

/* Begin PBXGroup section */
		0D81F4B5DCB70581CC7A1970 /* Frameworks */ = {
			isa = PBXGroup;
			children = (
				96532898CA3FEB8E4A29B4C1 /* libPods-Accessory_A.a */,
			);
			name = Frameworks;
			sourceTree = "<group>";
		};
		3C1990472C431EC224E8BC96 /* Pods */ = {
			isa = PBXGroup;
			children = (
				AC2E3F4B51C125DED66CB076 /* Pods-Accessory_A.debug.xcconfig */,
				F68DC5187F54105D9EE3D8FB /* Pods-Accessory_A.release.xcconfig */,
			);
			name = Pods;
			sourceTree = "<group>";
		};
		8F8D22721ECC43A600D27F46 = {
			isa = PBXGroup;
			children = (
				8F8D227D1ECC43A600D27F46 /* Accessory_A */,
				8F8D227C1ECC43A600D27F46 /* Products */,
				3C1990472C431EC224E8BC96 /* Pods */,
				0D81F4B5DCB70581CC7A1970 /* Frameworks */,
			);
			sourceTree = "<group>";
		};
		8F8D227C1ECC43A600D27F46 /* Products */ = {
			isa = PBXGroup;
			children = (
				8F8D227B1ECC43A600D27F46 /* Accessory_A.app */,
			);
			name = Products;
			sourceTree = "<group>";
		};
		8F8D227D1ECC43A600D27F46 /* Accessory_A */ = {
			isa = PBXGroup;
			children = (
				8F8D22811ECC43A600D27F46 /* AppDelegate.h */,
				8F8D22821ECC43A600D27F46 /* AppDelegate.m */,
				8F8D22841ECC43A600D27F46 /* ViewController.h */,
				8F8D22851ECC43A600D27F46 /* ViewController.m */,
				8F8D22871ECC43A600D27F46 /* Main.storyboard */,
				8F8D228A1ECC43A600D27F46 /* Assets.xcassets */,
				8F8D228C1ECC43A600D27F46 /* LaunchScreen.storyboard */,
				8F8D228F1ECC43A600D27F46 /* Info.plist */,
				8F8D227E1ECC43A600D27F46 /* Supporting Files */,
				8F8D22951ECC46F200D27F46 /* AccessoryCell.h */,
				8F8D22961ECC46F200D27F46 /* AccessoryCell.m */,
				8F8D22981ECC488300D27F46 /* AccessoryCell.xib */,
				8F8D22F31ECD380700D27F46 /* AccessoryCollectionViewFlowLayout.h */,
				8F8D22F41ECD380700D27F46 /* AccessoryCollectionViewFlowLayout.m */,
			);
			path = Accessory_A;
			sourceTree = "<group>";
		};
		8F8D227E1ECC43A600D27F46 /* Supporting Files */ = {
			isa = PBXGroup;
			children = (
				8F8D227F1ECC43A600D27F46 /* main.m */,
			);
			name = "Supporting Files";
			sourceTree = "<group>";
		};
/* End PBXGroup section */

/* Begin PBXNativeTarget section */
		8F8D227A1ECC43A600D27F46 /* Accessory_A */ = {
			isa = PBXNativeTarget;
			buildConfigurationList = 8F8D22921ECC43A600D27F46 /* Build configuration list for PBXNativeTarget "Accessory_A" */;
			buildPhases = (
				6ABE719DCBFF02137B513C48 /* [CP] Check Pods Manifest.lock */,
				8F8D22771ECC43A600D27F46 /* Sources */,
				8F8D22781ECC43A600D27F46 /* Frameworks */,
				8F8D22791ECC43A600D27F46 /* Resources */,
				9686797C576246761BDBAB4C /* [CP] Embed Pods Frameworks */,
				BAF560FF6B67119E668EE1A6 /* [CP] Copy Pods Resources */,
			);
			buildRules = (
			);
			dependencies = (
			);
			name = Accessory_A;
			productName = Accessory_A;
			productReference = 8F8D227B1ECC43A600D27F46 /* Accessory_A.app */;
			productType = "com.apple.product-type.application";
		};
/* End PBXNativeTarget section */

/* Begin PBXProject section */
		8F8D22731ECC43A600D27F46 /* Project object */ = {
			isa = PBXProject;
			attributes = {
				LastUpgradeCheck = 0830;
				ORGANIZATIONNAME = kivan;
				TargetAttributes = {
					8F8D227A1ECC43A600D27F46 = {
						CreatedOnToolsVersion = 8.3.2;
						DevelopmentTeam = 3X7GXPZAD8;
						ProvisioningStyle = Automatic;
					};
				};
			};
			buildConfigurationList = 8F8D22761ECC43A600D27F46 /* Build configuration list for PBXProject "Accessory_A" */;
			compatibilityVersion = "Xcode 3.2";
			developmentRegion = English;
			hasScannedForEncodings = 0;
			knownRegions = (
				en,
				Base,
			);
			mainGroup = 8F8D22721ECC43A600D27F46;
			productRefGroup = 8F8D227C1ECC43A600D27F46 /* Products */;
			projectDirPath = "";
			projectRoot = "";
			targets = (
				8F8D227A1ECC43A600D27F46 /* Accessory_A */,
			);
		};
/* End PBXProject section */

/* Begin PBXResourcesBuildPhase section */
		8F8D22791ECC43A600D27F46 /* Resources */ = {
			isa = PBXResourcesBuildPhase;
			buildActionMask = 2147483647;
			files = (
				8F8D228E1ECC43A600D27F46 /* LaunchScreen.storyboard in Resources */,
				8F8D228B1ECC43A600D27F46 /* Assets.xcassets in Resources */,
				8F8D22991ECC488300D27F46 /* AccessoryCell.xib in Resources */,
				8F8D22891ECC43A600D27F46 /* Main.storyboard in Resources */,
			);
			runOnlyForDeploymentPostprocessing = 0;
		};
/* End PBXResourcesBuildPhase section */

/* Begin PBXShellScriptBuildPhase section */
		6ABE719DCBFF02137B513C48 /* [CP] Check Pods Manifest.lock */ = {
			isa = PBXShellScriptBuildPhase;
			buildActionMask = 2147483647;
			files = (
			);
			inputPaths = (
			);
			name = "[CP] Check Pods Manifest.lock";
			outputPaths = (
			);
			runOnlyForDeploymentPostprocessing = 0;
			shellPath = /bin/sh;
			shellScript = "diff \"${PODS_PODFILE_DIR_PATH}/Podfile.lock\" \"${PODS_ROOT}/Manifest.lock\" > /dev/null\nif [ $? != 0 ] ; then\n    # print error to STDERR\n    echo \"error: The sandbox is not in sync with the Podfile.lock. Run 'pod install' or update your CocoaPods installation.\" >&2\n    exit 1\nfi\n";
			showEnvVarsInLog = 0;
		};
		9686797C576246761BDBAB4C /* [CP] Embed Pods Frameworks */ = {
			isa = PBXShellScriptBuildPhase;
			buildActionMask = 2147483647;
			files = (
			);
			inputPaths = (
			);
			name = "[CP] Embed Pods Frameworks";
			outputPaths = (
			);
			runOnlyForDeploymentPostprocessing = 0;
			shellPath = /bin/sh;
			shellScript = "\"${SRCROOT}/../Pods/Target Support Files/Pods-Accessory_A/Pods-Accessory_A-frameworks.sh\"\n";
			showEnvVarsInLog = 0;
		};
		BAF560FF6B67119E668EE1A6 /* [CP] Copy Pods Resources */ = {
			isa = PBXShellScriptBuildPhase;
			buildActionMask = 2147483647;
			files = (
			);
			inputPaths = (
			);
			name = "[CP] Copy Pods Resources";
			outputPaths = (
			);
			runOnlyForDeploymentPostprocessing = 0;
			shellPath = /bin/sh;
			shellScript = "\"${SRCROOT}/../Pods/Target Support Files/Pods-Accessory_A/Pods-Accessory_A-resources.sh\"\n";
			showEnvVarsInLog = 0;
		};
/* End PBXShellScriptBuildPhase section */

/* Begin PBXSourcesBuildPhase section */
		8F8D22771ECC43A600D27F46 /* Sources */ = {
			isa = PBXSourcesBuildPhase;
			buildActionMask = 2147483647;
			files = (
				8F8D22861ECC43A600D27F46 /* ViewController.m in Sources */,
				8F8D22831ECC43A600D27F46 /* AppDelegate.m in Sources */,
				8F8D22971ECC46F200D27F46 /* AccessoryCell.m in Sources */,
				8F8D22801ECC43A600D27F46 /* main.m in Sources */,
				8F8D22F51ECD380700D27F46 /* AccessoryCollectionViewFlowLayout.m in Sources */,
			);
			runOnlyForDeploymentPostprocessing = 0;
		};
/* End PBXSourcesBuildPhase section */

/* Begin PBXVariantGroup section */
		8F8D22871ECC43A600D27F46 /* Main.storyboard */ = {
			isa = PBXVariantGroup;
			children = (
				8F8D22881ECC43A600D27F46 /* Base */,
			);
			name = Main.storyboard;
			sourceTree = "<group>";
		};
		8F8D228C1ECC43A600D27F46 /* LaunchScreen.storyboard */ = {
			isa = PBXVariantGroup;
			children = (
				8F8D228D1ECC43A600D27F46 /* Base */,
			);
			name = LaunchScreen.storyboard;
			sourceTree = "<group>";
		};
/* End PBXVariantGroup section */

/* Begin XCBuildConfiguration section */
		8F8D22901ECC43A600D27F46 /* Debug */ = {
			isa = XCBuildConfiguration;
			buildSettings = {
				ALWAYS_SEARCH_USER_PATHS = NO;
				CLANG_ANALYZER_NONNULL = YES;
				CLANG_ANALYZER_NUMBER_OBJECT_CONVERSION = YES_AGGRESSIVE;
				CLANG_CXX_LANGUAGE_STANDARD = "gnu++0x";
				CLANG_CXX_LIBRARY = "libc++";
				CLANG_ENABLE_MODULES = YES;
				CLANG_ENABLE_OBJC_ARC = YES;
				CLANG_WARN_BOOL_CONVERSION = YES;
				CLANG_WARN_CONSTANT_CONVERSION = YES;
				CLANG_WARN_DIRECT_OBJC_ISA_USAGE = YES_ERROR;
				CLANG_WARN_DOCUMENTATION_COMMENTS = YES;
				CLANG_WARN_EMPTY_BODY = YES;
				CLANG_WARN_ENUM_CONVERSION = YES;
				CLANG_WARN_INFINITE_RECURSION = YES;
				CLANG_WARN_INT_CONVERSION = YES;
				CLANG_WARN_OBJC_ROOT_CLASS = YES_ERROR;
				CLANG_WARN_SUSPICIOUS_MOVE = YES;
				CLANG_WARN_UNREACHABLE_CODE = YES;
				CLANG_WARN__DUPLICATE_METHOD_MATCH = YES;
				"CODE_SIGN_IDENTITY[sdk=iphoneos*]" = "iPhone Developer";
				COPY_PHASE_STRIP = NO;
				DEBUG_INFORMATION_FORMAT = dwarf;
				ENABLE_STRICT_OBJC_MSGSEND = YES;
				ENABLE_TESTABILITY = YES;
				GCC_C_LANGUAGE_STANDARD = gnu99;
				GCC_DYNAMIC_NO_PIC = NO;
				GCC_NO_COMMON_BLOCKS = YES;
				GCC_OPTIMIZATION_LEVEL = 0;
				GCC_PREPROCESSOR_DEFINITIONS = (
					"DEBUG=1",
					"$(inherited)",
				);
				GCC_WARN_64_TO_32_BIT_CONVERSION = YES;
				GCC_WARN_ABOUT_RETURN_TYPE = YES_ERROR;
				GCC_WARN_UNDECLARED_SELECTOR = YES;
				GCC_WARN_UNINITIALIZED_AUTOS = YES_AGGRESSIVE;
				GCC_WARN_UNUSED_FUNCTION = YES;
				GCC_WARN_UNUSED_VARIABLE = YES;
				IPHONEOS_DEPLOYMENT_TARGET = 10.3;
				MTL_ENABLE_DEBUG_INFO = YES;
				ONLY_ACTIVE_ARCH = YES;
				SDKROOT = iphoneos;
			};
			name = Debug;
		};
		8F8D22911ECC43A600D27F46 /* Release */ = {
			isa = XCBuildConfiguration;
			buildSettings = {
				ALWAYS_SEARCH_USER_PATHS = NO;
				CLANG_ANALYZER_NONNULL = YES;
				CLANG_ANALYZER_NUMBER_OBJECT_CONVERSION = YES_AGGRESSIVE;
				CLANG_CXX_LANGUAGE_STANDARD = "gnu++0x";
				CLANG_CXX_LIBRARY = "libc++";
				CLANG_ENABLE_MODULES = YES;
				CLANG_ENABLE_OBJC_ARC = YES;
				CLANG_WARN_BOOL_CONVERSION = YES;
				CLANG_WARN_CONSTANT_CONVERSION = YES;
				CLANG_WARN_DIRECT_OBJC_ISA_USAGE = YES_ERROR;
				CLANG_WARN_DOCUMENTATION_COMMENTS = YES;
				CLANG_WARN_EMPTY_BODY = YES;
				CLANG_WARN_ENUM_CONVERSION = YES;
				CLANG_WARN_INFINITE_RECURSION = YES;
				CLANG_WARN_INT_CONVERSION = YES;
				CLANG_WARN_OBJC_ROOT_CLASS = YES_ERROR;
				CLANG_WARN_SUSPICIOUS_MOVE = YES;
				CLANG_WARN_UNREACHABLE_CODE = YES;
				CLANG_WARN__DUPLICATE_METHOD_MATCH = YES;
				"CODE_SIGN_IDENTITY[sdk=iphoneos*]" = "iPhone Developer";
				COPY_PHASE_STRIP = NO;
				DEBUG_INFORMATION_FORMAT = "dwarf-with-dsym";
				ENABLE_NS_ASSERTIONS = NO;
				ENABLE_STRICT_OBJC_MSGSEND = YES;
				GCC_C_LANGUAGE_STANDARD = gnu99;
				GCC_NO_COMMON_BLOCKS = YES;
				GCC_WARN_64_TO_32_BIT_CONVERSION = YES;
				GCC_WARN_ABOUT_RETURN_TYPE = YES_ERROR;
				GCC_WARN_UNDECLARED_SELECTOR = YES;
				GCC_WARN_UNINITIALIZED_AUTOS = YES_AGGRESSIVE;
				GCC_WARN_UNUSED_FUNCTION = YES;
				GCC_WARN_UNUSED_VARIABLE = YES;
				IPHONEOS_DEPLOYMENT_TARGET = 10.3;
				MTL_ENABLE_DEBUG_INFO = NO;
				SDKROOT = iphoneos;
				VALIDATE_PRODUCT = YES;
			};
			name = Release;
		};
		8F8D22931ECC43A600D27F46 /* Debug */ = {
			isa = XCBuildConfiguration;
			baseConfigurationReference = AC2E3F4B51C125DED66CB076 /* Pods-Accessory_A.debug.xcconfig */;
			buildSettings = {
				ASSETCATALOG_COMPILER_APPICON_NAME = AppIcon;
				DEVELOPMENT_TEAM = 3X7GXPZAD8;
				INFOPLIST_FILE = Accessory_A/Info.plist;
				LD_RUNPATH_SEARCH_PATHS = "$(inherited) @executable_path/Frameworks";
				PRODUCT_BUNDLE_IDENTIFIER = "cn.com.kivan.Accessory-A";
				PRODUCT_NAME = "$(TARGET_NAME)";
			};
			name = Debug;
		};
		8F8D22941ECC43A600D27F46 /* Release */ = {
			isa = XCBuildConfiguration;
			baseConfigurationReference = F68DC5187F54105D9EE3D8FB /* Pods-Accessory_A.release.xcconfig */;
			buildSettings = {
				ASSETCATALOG_COMPILER_APPICON_NAME = AppIcon;
				DEVELOPMENT_TEAM = 3X7GXPZAD8;
				INFOPLIST_FILE = Accessory_A/Info.plist;
				LD_RUNPATH_SEARCH_PATHS = "$(inherited) @executable_path/Frameworks";
				PRODUCT_BUNDLE_IDENTIFIER = "cn.com.kivan.Accessory-A";
				PRODUCT_NAME = "$(TARGET_NAME)";
			};
			name = Release;
		};
/* End XCBuildConfiguration section */

/* Begin XCConfigurationList section */
		8F8D22761ECC43A600D27F46 /* Build configuration list for PBXProject "Accessory_A" */ = {
			isa = XCConfigurationList;
			buildConfigurations = (
				8F8D22901ECC43A600D27F46 /* Debug */,
				8F8D22911ECC43A600D27F46 /* Release */,
			);
			defaultConfigurationIsVisible = 0;
			defaultConfigurationName = Release;
		};
		8F8D22921ECC43A600D27F46 /* Build configuration list for PBXNativeTarget "Accessory_A" */ = {
			isa = XCConfigurationList;
			buildConfigurations = (
				8F8D22931ECC43A600D27F46 /* Debug */,
				8F8D22941ECC43A600D27F46 /* Release */,
			);
			defaultConfigurationIsVisible = 0;
			defaultConfigurationName = Release;
		};
/* End XCConfigurationList section */
	};
	rootObject = 8F8D22731ECC43A600D27F46 /* Project object */;
}
